
Microsoft Visual Studio Solution File, Format Version 12.00
# Visual Studio 15
VisualStudioVersion = 15.0.28307.168
MinimumVisualStudioVersion = 10.0.40219.1
Project("{FAE04EC0-301F-11D3-BF4B-00C04F79EFBC}") = "19.1.2. type identity", "19.1.2. type identity\19.1.2. type identity.csproj", "{E158C4A6-242F-4A41-9550-C20558E040B8}"
EndProject
Project("{2150E333-8FDC-42A3-9474-1A3956D46DE8}") = "19.1.Type", "19.1.Type", "{4F3D5843-129C-4A1B-9E96-42BAC9B4E444}"
EndProject
Project("{FAE04EC0-301F-11D3-BF4B-00C04F79EFBC}") = "19.1.1. Reflection", "19.1.1. Reflection\19.1.1. Reflection.csproj", "{50B0BD3B-6315-4DF3-AA19-D3BA6A08CF68}"
EndProject
Project("{FAE04EC0-301F-11D3-BF4B-00C04F79EFBC}") = "19.1.9. Is object a type", "19.1.9. Is object a type\19.1.9. Is object a type.csproj", "{B6218DEA-61B1-432C-8888-B25B4190A7BF}"
EndProject
Project("{FAE04EC0-301F-11D3-BF4B-00C04F79EFBC}") = "19.1.10. Get BaseType, Name, FullName", "19.1.10. Get BaseType, Name, FullName\19.1.10. Get BaseType, Name, FullName.csproj", "{3012FED4-1771-4D7A-A34D-5FCBE26EC38B}"
EndProject
Project("{FAE04EC0-301F-11D3-BF4B-00C04F79EFBC}") = "19.1.11. Type FullName, BaseType, IsAbstract", "19.1.11. Type FullName, BaseType, IsAbstract\19.1.11. Type FullName, BaseType, IsAbstract.csproj", "{A51BAF8B-DB3F-4673-9758-C75BB8984776}"
EndProject
Project("{FAE04EC0-301F-11D3-BF4B-00C04F79EFBC}") = "19.1.12. Get the Type representation object", "19.1.12. Get the Type representation object\19.1.12. Get the Type representation object.csproj", "{DAD0DE4F-3698-4320-85F3-334888AE8288}"
EndProject
Project("{FAE04EC0-301F-11D3-BF4B-00C04F79EFBC}") = "19.1.13. Obtain the handles  object", "19.1.13. Obtain the handles  object\19.1.13. Obtain the handles  object.csproj", "{4A6D06FB-9DE6-447A-B373-B9A7AE857D33}"
EndProject
Project("{FAE04EC0-301F-11D3-BF4B-00C04F79EFBC}") = "19.1.14. Get all methods from a Type", "19.1.14. Get all methods from a Type\19.1.14. Get all methods from a Type.csproj", "{18EB164B-3758-40C1-AFCB-EAE2391867D7}"
EndProject
Project("{FAE04EC0-301F-11D3-BF4B-00C04F79EFBC}") = "19.1.15. Open and constructed generic types", "19.1.15. Open and constructed generic types\19.1.15. Open and constructed generic types.csproj", "{0E3F48E2-3347-47AE-A249-6D72BA878B1C}"
EndProject
Project("{FAE04EC0-301F-11D3-BF4B-00C04F79EFBC}") = "19.1.16. Getting generic type definition information", "19.1.16. Getting generic type definition information\19.1.16. Getting generic type definition information.csproj", "{FE8F1D01-1DE1-4546-84E4-AC49D99698BF}"
EndProject
Project("{FAE04EC0-301F-11D3-BF4B-00C04F79EFBC}") = "19.1.17. Dynamically constructing types", "19.1.17. Dynamically constructing types\19.1.17. Dynamically constructing types.csproj", "{E26EE9F1-AD28-462D-9D87-816D406F1053}"
EndProject
Project("{FAE04EC0-301F-11D3-BF4B-00C04F79EFBC}") = "19.1.18. Create StringBuilder", "19.1.18. Create StringBuilder\19.1.18. Create StringBuilder.csproj", "{39FDB846-F93B-419B-852A-2ED999E9B29B}"
EndProject
Project("{FAE04EC0-301F-11D3-BF4B-00C04F79EFBC}") = "19.1.19. Get Type with typeof", "19.1.19. Get Type with typeof\19.1.19. Get Type with typeof.csproj", "{B4FF80F5-E310-46ED-B4CB-2E35C7361556}"
EndProject
Project("{FAE04EC0-301F-11D3-BF4B-00C04F79EFBC}") = "DesignPatterns.Prototype.Conceptual", "DesignPatterns.Prototype.Conceptual\DesignPatterns.Prototype.Conceptual.csproj", "{143F8DD9-2A9E-4F89-9E64-164F52C5DD7F}"
EndProject
Project("{FAE04EC0-301F-11D3-BF4B-00C04F79EFBC}") = "Using indexers", "Using indexers\Using indexers.csproj", "{FB72D266-7C7D-438A-9ED1-AC0D5F524D30}"
EndProject
Project("{FAE04EC0-301F-11D3-BF4B-00C04F79EFBC}") = "19.1.20. Cast And OfType", "19.1.20. Cast And OfType\19.1.20. Cast And OfType.csproj", "{1DF271E6-FA0D-418B-8C59-2060B7E1A13E}"
EndProject
Project("{FAE04EC0-301F-11D3-BF4B-00C04F79EFBC}") = "19.1.21. Get set property using invoke member", "19.1.21. Get set property using invoke member\19.1.21. Get set property using invoke member.csproj", "{D83448B8-8B03-40F0-A572-B41DFCD02B7C}"
EndProject
Project("{FAE04EC0-301F-11D3-BF4B-00C04F79EFBC}") = "19.1.22. Retrieve a type", "19.1.22. Retrieve a type\19.1.22. Retrieve a type.csproj", "{8D5415AD-F332-4168-8A30-6107F2A8C315}"
EndProject
Project("{FAE04EC0-301F-11D3-BF4B-00C04F79EFBC}") = "19.1.23. Get an array of nested type objects", "19.1.23. Get an array of nested type objects\19.1.23. Get an array of nested type objects.csproj", "{D2E56B9B-BD0C-4196-AA3B-B3353E10A424}"
EndProject
Project("{FAE04EC0-301F-11D3-BF4B-00C04F79EFBC}") = "19.1.24.Get the type associated with the CLSID", "19.1.24.Get the type associated with the CLSID\19.1.24.Get the type associated with the CLSID.csproj", "{33DA1183-36A5-46D5-BFE7-4F0A91C19011}"
EndProject
Project("{2150E333-8FDC-42A3-9474-1A3956D46DE8}") = "19.2.Attributes", "19.2.Attributes", "{0EE993D2-FD42-4591-BAD5-DDBBB8E62F4A}"
EndProject
Project("{FAE04EC0-301F-11D3-BF4B-00C04F79EFBC}") = "19.2.1. Get Custom Attributes", "19.2.1. Get Custom Attributes\19.2.1. Get Custom Attributes.csproj", "{DEF423C5-1F38-40DA-B476-66792DD732E9}"
EndProject
Project("{FAE04EC0-301F-11D3-BF4B-00C04F79EFBC}") = "19.2.2. Using Reflection to get Custom Attributes", "19.2.2. Using Reflection to get Custom Attributes\19.2.2. Using Reflection to get Custom Attributes.csproj", "{9CCB15A5-04BA-49E2-BA9C-879B5119A4A9}"
EndProject
Project("{FAE04EC0-301F-11D3-BF4B-00C04F79EFBC}") = "19.2.3. Reflect Attribute", "19.2.3. Reflect Attribute\19.2.3. Reflect Attribute.csproj", "{8D899932-6FF2-4EB0-812F-1EB1841B8D7A}"
EndProject
Project("{FAE04EC0-301F-11D3-BF4B-00C04F79EFBC}") = "19.2.4. Get Assembly Description Attribute", "19.2.4. Get Assembly Description Attribute\19.2.4. Get Assembly Description Attribute.csproj", "{2928D80B-57E3-4583-8D9D-AB3CBE06F4D7}"
EndProject
Project("{2150E333-8FDC-42A3-9474-1A3956D46DE8}") = "19.3.Constructor", "19.3.Constructor", "{9E32746B-C6FE-4B52-84B9-6D034A2364B9}"
EndProject
Project("{FAE04EC0-301F-11D3-BF4B-00C04F79EFBC}") = "19.3.1. Get constructor information", "19.3.1. Get constructor information\19.3.1. Get constructor information.csproj", "{E041B9E4-02D4-4271-AC07-C3BC32B84E12}"
EndProject
Project("{FAE04EC0-301F-11D3-BF4B-00C04F79EFBC}") = "19.3.2. Find matching constructor", "19.3.2. Find matching constructor\19.3.2. Find matching constructor.csproj", "{3223B7E4-5FF5-492C-BD53-CD8496C73700}"
EndProject
Project("{FAE04EC0-301F-11D3-BF4B-00C04F79EFBC}") = "19.3.3. Dynamically invoking constructors", "19.3.3. Dynamically invoking constructors\19.3.3. Dynamically invoking constructors.csproj", "{4240C622-BC30-45F4-918B-4F01BFECEF19}"
EndProject
Project("{FAE04EC0-301F-11D3-BF4B-00C04F79EFBC}") = "19.3.4. invoke constructor", "19.3.4. invoke constructor\19.3.4. invoke constructor.csproj", "{9DE0BB4F-5871-4683-A39D-B48B436F0446}"
EndProject
Project("{FAE04EC0-301F-11D3-BF4B-00C04F79EFBC}") = "19.3.5. ConstructorInfo to create new instance", "19.3.5. ConstructorInfo to create new instance\19.3.5. ConstructorInfo to create new instance.csproj", "{3D1E691A-0B46-43EF-904A-E10DE4409E42}"
EndProject
Project("{FAE04EC0-301F-11D3-BF4B-00C04F79EFBC}") = "19.3.6. Call parent constructor from abstract class", "19.3.6. Call parent constructor from abstract class\19.3.6. Call parent constructor from abstract class.csproj", "{93D23F20-C3DE-4C99-9377-E9EAD9BCF615}"
EndProject
Project("{FAE04EC0-301F-11D3-BF4B-00C04F79EFBC}") = "19.3.7. Get the ConstructorInfoz", "19.3.7. Get the ConstructorInfoz\19.3.7. Get the ConstructorInfoz.csproj", "{A6E5CFBC-DF02-4EE1-8134-9753E8CEE5A6}"
EndProject
Project("{2150E333-8FDC-42A3-9474-1A3956D46DE8}") = "19.4.Field", "19.4.Field", "{404D94C3-6C0D-4795-836A-E1AC7F97B9FB}"
EndProject
Project("{FAE04EC0-301F-11D3-BF4B-00C04F79EFBC}") = "19.4.1. Get all fields from a Type", "19.4.1. Get all fields from a Type\19.4.1. Get all fields from a Type.csproj", "{CAE48072-B465-4313-B92B-CF873AF9EA73}"
EndProject
Project("{FAE04EC0-301F-11D3-BF4B-00C04F79EFBC}") = "19.4.2. List Fields", "19.4.2. List Fields\19.4.2. List Fields.csproj", "{6C880F30-AC8A-49FA-B4C9-BC3EAEAB0CFF}"
EndProject
Project("{FAE04EC0-301F-11D3-BF4B-00C04F79EFBC}") = "19.4.3. Deeper Reflection", "19.4.3. Deeper Reflection\19.4.3. Deeper Reflection.csproj", "{5407BA68-4891-45FB-A73E-CA06BD264AC5}"
EndProject
Project("{FAE04EC0-301F-11D3-BF4B-00C04F79EFBC}") = "19.4.4. Get Set a field using a FieldInfo", "19.4.4. Get Set a field using a FieldInfo\19.4.4. Get Set a field using a FieldInfo.csproj", "{4CA1AB11-7A9F-422C-A625-0FEDCF3006C7}"
EndProject
Project("{FAE04EC0-301F-11D3-BF4B-00C04F79EFBC}") = "19.4.5. Reflecting On Members Of A Type", "19.4.5. Reflecting On Members Of A Type\19.4.5. Reflecting On Members Of A Type.csproj", "{3462A647-6F15-43E4-B890-AEBA007443EB}"
EndProject
Project("{FAE04EC0-301F-11D3-BF4B-00C04F79EFBC}") = "19.4.6. Get Type full name", "19.4.6. Get Type full name\19.4.6. Get Type full name.csproj", "{7AC8A8AB-8539-4834-9012-E44320EDEDAF}"
EndProject
Project("{2150E333-8FDC-42A3-9474-1A3956D46DE8}") = "19.5.Method( 13 )", "19.5.Method( 13 )", "{8CD2B355-4761-4B73-9D47-7D7D9E1E143C}"
EndProject
Project("{FAE04EC0-301F-11D3-BF4B-00C04F79EFBC}") = "19.5.1. Deeper Reflection", "19.5.1. Deeper Reflection\19.5.1. Deeper Reflection.csproj", "{437BC0A9-2367-40B3-A452-1566E72687E3}"
EndProject
Project("{FAE04EC0-301F-11D3-BF4B-00C04F79EFBC}") = "19.5.2. Deeper Reflection Invoking Functions", "19.5.2. Deeper Reflection Invoking Functions\19.5.2. Deeper Reflection Invoking Functions.csproj", "{6558F280-DA32-4AE1-B301-49FF7A69A7B5}"
EndProject
Project("{FAE04EC0-301F-11D3-BF4B-00C04F79EFBC}") = "19.5.3. Invoke methods using reflection", "19.5.3. Invoke methods using reflection\19.5.3. Invoke methods using reflection.csproj", "{9FCAEBF2-8C4F-4458-A90E-73938408FA28}"
EndProject
Project("{FAE04EC0-301F-11D3-BF4B-00C04F79EFBC}") = "19.5.4. List Methods", "19.5.4. List Methods\19.5.4. List Methods.csproj", "{743E8424-44E2-4B6C-8061-C4A88DF3B66C}"
EndProject
Project("{FAE04EC0-301F-11D3-BF4B-00C04F79EFBC}") = "19.5.5. Obtain the metadata tokens", "19.5.5. Obtain the metadata tokens\19.5.5. Obtain the metadata tokens.csproj", "{49BA33DE-704A-496A-B0EE-415BA8BA1348}"
EndProject
Project("{FAE04EC0-301F-11D3-BF4B-00C04F79EFBC}") = "19.5.6. Inspecting a method's body", "19.5.6. Inspecting a method's body\19.5.6. Inspecting a method's body.csproj", "{AA1871AF-3B88-4AA3-BF2D-E00958F19AC8}"
EndProject
Project("{FAE04EC0-301F-11D3-BF4B-00C04F79EFBC}") = "19.5.7. Dynamically Invoking A Method", "19.5.7. Dynamically Invoking A Method\19.5.7. Dynamically Invoking A Method.csproj", "{5E9305A1-DD5C-4E32-92E0-CEF37E48A065}"
EndProject
Project("{FAE04EC0-301F-11D3-BF4B-00C04F79EFBC}") = "19.5.8. Finding Particular Members", "19.5.8. Finding Particular Members\19.5.8. Finding Particular Members.csproj", "{0780D132-029B-4068-8365-09CEB73334AE}"
EndProject
Project("{FAE04EC0-301F-11D3-BF4B-00C04F79EFBC}") = "19.5.9. Call string method with reflection and Expr", "19.5.9. Call string method with reflection and Expr\19.5.9. Call string method with reflection and Expr.csproj", "{173A546E-71DB-4F17-AEEC-4AE01750106A}"
EndProject
Project("{FAE04EC0-301F-11D3-BF4B-00C04F79EFBC}") = "19.5.10. Invoke member method", "19.5.10. Invoke member method\19.5.10. Invoke member method.csproj", "{AFFB15A1-6B72-4E68-B12C-8F61E12309F0}"
EndProject
Project("{FAE04EC0-301F-11D3-BF4B-00C04F79EFBC}") = "19.5.11. Use reflection to invoke methods", "19.5.11. Use reflection to invoke methods\19.5.11. Use reflection to invoke methods.csproj", "{BBDD3702-78A4-4FCF-8A68-4C3ABC19D6C9}"
EndProject
Project("{FAE04EC0-301F-11D3-BF4B-00C04F79EFBC}") = "19.5.12.Use DefinePInvokeMethod method to create", "19.5.12.Use DefinePInvokeMethod method to create\19.5.12.Use DefinePInvokeMethod method to create.csproj", "{9A18894B-66C9-4843-AD98-DEC4C9F2456D}"
EndProject
Project("{FAE04EC0-301F-11D3-BF4B-00C04F79EFBC}") = "19.5.13. Get the method that matches the specified", "19.5.13. Get the method that matches the specified\19.5.13. Get the method that matches the specified.csproj", "{36EFC7F9-E77F-40F1-8C02-4B9F27169717}"
EndProject
Project("{2150E333-8FDC-42A3-9474-1A3956D46DE8}") = "19.6.Parameter( 3 )", "19.6.Parameter( 3 )", "{E5D87BB5-7A61-49A1-ADDA-CC7CD5334B78}"
EndProject
Project("{FAE04EC0-301F-11D3-BF4B-00C04F79EFBC}") = "19.6.1. Invoke method with parameter type int", "19.6.1. Invoke method with parameter type int\19.6.1. Invoke method with parameter type int.csproj", "{D3B2CD54-8904-4076-A85C-B52DA44A3209}"
EndProject
Project("{FAE04EC0-301F-11D3-BF4B-00C04F79EFBC}") = "19.6.2. Generic parameter information", "19.6.2. Generic parameter information\19.6.2. Generic parameter information.csproj", "{47F70BF0-0801-49B0-BBDB-D94E23039A64}"
EndProject
Project("{FAE04EC0-301F-11D3-BF4B-00C04F79EFBC}") = "19.6.3. Analyze method parameters using reflection", "19.6.3. Analyze method parameters using reflection\19.6.3. Analyze method parameters using reflection.csproj", "{76EE243C-56C8-424F-987A-B9D7412F094A}"
EndProject
Project("{2150E333-8FDC-42A3-9474-1A3956D46DE8}") = "19.7.Property( 6 )", "19.7.Property( 6 )", "{A82C6A23-DA14-4DC5-8CCD-12B49E8E3C51}"
EndProject
Project("{FAE04EC0-301F-11D3-BF4B-00C04F79EFBC}") = "19.7.1. List Properties", "19.7.1. List Properties\19.7.1. List Properties.csproj", "{872630A3-AEC9-4AB9-B728-FA769F4893A2}"
EndProject
Project("{FAE04EC0-301F-11D3-BF4B-00C04F79EFBC}") = "19.7.2. Get set a property using a PropertyInfo", "19.7.2. Get set a property using a PropertyInfo\19.7.2. Get set a property using a PropertyInfo.csproj", "{0CE684D2-A36F-4255-B332-F23991F0339F}"
EndProject
Project("{FAE04EC0-301F-11D3-BF4B-00C04F79EFBC}") = "19.7.3. Using Type GetProperties", "19.7.3. Using Type GetProperties\19.7.3. Using Type GetProperties.csproj", "{8CED8BA1-60C4-4BCA-96EE-AADB2DC10631}"
EndProject
Project("{FAE04EC0-301F-11D3-BF4B-00C04F79EFBC}") = "19.7.4. Use Type and PropertyInfo to manipulate", "19.7.4. Use Type and PropertyInfo to manipulate\19.7.4. Use Type and PropertyInfo to manipulate.csproj", "{5D7A5AFA-713D-46E6-9BCB-78DFEB8FBC43}"
EndProject
Project("{FAE04EC0-301F-11D3-BF4B-00C04F79EFBC}") = "19.7.5. PropertyInfo Reflection", "19.7.5. PropertyInfo Reflection\19.7.5. PropertyInfo Reflection.csproj", "{76EE0863-0558-44D7-9995-92CBABF54957}"
EndProject
Project("{FAE04EC0-301F-11D3-BF4B-00C04F79EFBC}") = "19.7.6. Reflect the Property", "19.7.6. Reflect the Property\19.7.6. Reflect the Property.csproj", "{FBAEF030-94A5-4856-B33B-6F1B30CB706A}"
EndProject
Project("{2150E333-8FDC-42A3-9474-1A3956D46DE8}") = "19.8.Delegate( 3 )", "19.8.Delegate( 3 )", "{8425AAC1-0F5E-4DB6-ACED-5F3E622E987E}"
EndProject
Project("{FAE04EC0-301F-11D3-BF4B-00C04F79EFBC}") = "19.8.1. Create Delegate using reflection", "19.8.1. Create Delegate using reflection\19.8.1. Create Delegate using reflection.csproj", "{6C6FC820-D15A-440D-9145-7628CD99F1D1}"
EndProject
Project("{FAE04EC0-301F-11D3-BF4B-00C04F79EFBC}") = "19.8.2. Get event from Type", "19.8.2. Get event from Type\19.8.2. Get event from Type.csproj", "{17608B11-FC3F-405D-942E-82BFFE18776C}"
EndProject
Project("{FAE04EC0-301F-11D3-BF4B-00C04F79EFBC}") = "19.8.3. Get set private field using InvokeMember", "19.8.3. Get set private field using InvokeMember\19.8.3. Get set private field using InvokeMember.csproj", "{59D30865-5DFB-4E54-95F3-4E15DBD03925}"
EndProject
Project("{2150E333-8FDC-42A3-9474-1A3956D46DE8}") = "19.9.Interface( 4 )", "19.9.Interface( 4 )", "{041094D6-3E5F-4E9F-94F9-D704A6A66F11}"
EndProject
Project("{FAE04EC0-301F-11D3-BF4B-00C04F79EFBC}") = "19.9.1. Get all implemented interface", "19.9.1. Get all implemented interface\19.9.1. Get all implemented interface.csproj", "{0BB2D74B-5694-4BBA-BEDC-5C95CD743486}"
EndProject
Project("{FAE04EC0-301F-11D3-BF4B-00C04F79EFBC}") = "19.9.2. Map Interface Methods To Class Methods", "19.9.2. Map Interface Methods To Class Methods\19.9.2. Map Interface Methods To Class Methods.csproj", "{9371754F-156C-4135-B9BA-FFBC44C4D0A6}"
EndProject
Project("{FAE04EC0-301F-11D3-BF4B-00C04F79EFBC}") = "19.9.3. Type IsNestedPrivate, IsNestedPublic", "19.9.3. Type IsNestedPrivate, IsNestedPublic\19.9.3. Type IsNestedPrivate, IsNestedPublic.csproj", "{CF38345E-5488-4547-98A2-C5D70A002951}"
EndProject
Project("{FAE04EC0-301F-11D3-BF4B-00C04F79EFBC}") = "19.9.4. Return Type Inference", "19.9.4. Return Type Inference\19.9.4. Return Type Inference.csproj", "{1598858C-1B8D-49AC-9EF6-B678BE9D0F58}"
EndProject
Project("{2150E333-8FDC-42A3-9474-1A3956D46DE8}") = "19.10.Generic Type( 3 )", "19.10.Generic Type( 3 )", "{B1B7B221-0FF3-48F4-B6AF-CBB3654F2BC6}"
EndProject
Project("{FAE04EC0-301F-11D3-BF4B-00C04F79EFBC}") = "19.10.1. Type  MakeGenericType", "19.10.1. Type  MakeGenericType\19.10.1. Type  MakeGenericType.csproj", "{410B72D9-F426-4819-8D2E-65817C26FF09}"
EndProject
Project("{FAE04EC0-301F-11D3-BF4B-00C04F79EFBC}") = "19.10.2. Reflection with Generics", "19.10.2. Reflection with Generics\19.10.2. Reflection with Generics.csproj", "{7DAA0770-0390-4136-ACC2-B654A7E2BD14}"
EndProject
Project("{FAE04EC0-301F-11D3-BF4B-00C04F79EFBC}") = "19.10.3. Using Reflection with Generic Types", "19.10.3. Using Reflection with Generic Types\19.10.3. Using Reflection with Generic Types.csproj", "{C460C175-7A26-4233-9B84-3127F28DDDD8}"
EndProject
Project("{2150E333-8FDC-42A3-9474-1A3956D46DE8}") = "19.11.Activator( 1 )", "19.11.Activator( 1 )", "{5684CC93-F3F8-44A3-8CB2-D71EC9029255}"
EndProject
Project("{FAE04EC0-301F-11D3-BF4B-00C04F79EFBC}") = "19.11.1. Create new instanceo with Activator", "19.11.1. Create new instanceo with Activator\19.11.1. Create new instanceo with Activator.csproj", "{707D7581-6FB7-49F3-A822-EA4DE56B8C8E}"
EndProject
Project("{2150E333-8FDC-42A3-9474-1A3956D46DE8}") = "19.12.Assembly( 9 )", "19.12.Assembly( 9 )", "{58E9FAEF-5AC4-461E-A9AC-A46F7C141FC9}"
EndProject
Project("{FAE04EC0-301F-11D3-BF4B-00C04F79EFBC}") = "19.12.1. Load Assembly from Dll", "19.12.1. Load Assembly from Dll\19.12.1. Load Assembly from Dll.csproj", "{55577362-B3EB-49FC-874F-31A5D23451ED}"
EndProject
Project("{FAE04EC0-301F-11D3-BF4B-00C04F79EFBC}") = "19.12.2. Reflecting An Assembly", "19.12.2. Reflecting An Assembly\19.12.2. Reflecting An Assembly.csproj", "{B93BCAC9-60FC-40FF-99D8-9047046B01F8}"
EndProject
Project("{FAE04EC0-301F-11D3-BF4B-00C04F79EFBC}") = "19.12.3. Reflecting On A Type", "19.12.3. Reflecting On A Type\19.12.3. Reflecting On A Type.csproj", "{B71DD922-1E65-43CD-A2AE-86015732D559}"
EndProject
Project("{FAE04EC0-301F-11D3-BF4B-00C04F79EFBC}") = "19.12.4. Execute Assembly", "19.12.4. Execute Assembly\19.12.4. Execute Assembly.csproj", "{F0FCA9DF-F0AE-44F8-A5BE-2FAD777AFEA2}"
EndProject
Project("{FAE04EC0-301F-11D3-BF4B-00C04F79EFBC}") = "9.12.5. Search member method in Assembly", "9.12.5. Search member method in Assembly\9.12.5. Search member method in Assembly.csproj", "{11F9D9AD-C3D6-4E23-A84E-A38FCEE0FADE}"
EndProject
Project("{FAE04EC0-301F-11D3-BF4B-00C04F79EFBC}") = "19.12.6. Assembly Tree Viewer", "19.12.6. Assembly Tree Viewer\19.12.6. Assembly Tree Viewer.csproj", "{3E30B832-EE94-4CDD-BE73-145AE549CA2E}"
EndProject
Global
	GlobalSection(SolutionConfigurationPlatforms) = preSolution
		Debug|Any CPU = Debug|Any CPU
		Release|Any CPU = Release|Any CPU
	EndGlobalSection
	GlobalSection(ProjectConfigurationPlatforms) = postSolution
		{E158C4A6-242F-4A41-9550-C20558E040B8}.Debug|Any CPU.ActiveCfg = Debug|Any CPU
		{E158C4A6-242F-4A41-9550-C20558E040B8}.Debug|Any CPU.Build.0 = Debug|Any CPU
		{E158C4A6-242F-4A41-9550-C20558E040B8}.Release|Any CPU.ActiveCfg = Release|Any CPU
		{E158C4A6-242F-4A41-9550-C20558E040B8}.Release|Any CPU.Build.0 = Release|Any CPU
		{50B0BD3B-6315-4DF3-AA19-D3BA6A08CF68}.Debug|Any CPU.ActiveCfg = Debug|Any CPU
		{50B0BD3B-6315-4DF3-AA19-D3BA6A08CF68}.Debug|Any CPU.Build.0 = Debug|Any CPU
		{50B0BD3B-6315-4DF3-AA19-D3BA6A08CF68}.Release|Any CPU.ActiveCfg = Release|Any CPU
		{50B0BD3B-6315-4DF3-AA19-D3BA6A08CF68}.Release|Any CPU.Build.0 = Release|Any CPU
		{B6218DEA-61B1-432C-8888-B25B4190A7BF}.Debug|Any CPU.ActiveCfg = Debug|Any CPU
		{B6218DEA-61B1-432C-8888-B25B4190A7BF}.Debug|Any CPU.Build.0 = Debug|Any CPU
		{B6218DEA-61B1-432C-8888-B25B4190A7BF}.Release|Any CPU.ActiveCfg = Release|Any CPU
		{B6218DEA-61B1-432C-8888-B25B4190A7BF}.Release|Any CPU.Build.0 = Release|Any CPU
		{3012FED4-1771-4D7A-A34D-5FCBE26EC38B}.Debug|Any CPU.ActiveCfg = Debug|Any CPU
		{3012FED4-1771-4D7A-A34D-5FCBE26EC38B}.Debug|Any CPU.Build.0 = Debug|Any CPU
		{3012FED4-1771-4D7A-A34D-5FCBE26EC38B}.Release|Any CPU.ActiveCfg = Release|Any CPU
		{3012FED4-1771-4D7A-A34D-5FCBE26EC38B}.Release|Any CPU.Build.0 = Release|Any CPU
		{A51BAF8B-DB3F-4673-9758-C75BB8984776}.Debug|Any CPU.ActiveCfg = Debug|Any CPU
		{A51BAF8B-DB3F-4673-9758-C75BB8984776}.Debug|Any CPU.Build.0 = Debug|Any CPU
		{A51BAF8B-DB3F-4673-9758-C75BB8984776}.Release|Any CPU.ActiveCfg = Release|Any CPU
		{A51BAF8B-DB3F-4673-9758-C75BB8984776}.Release|Any CPU.Build.0 = Release|Any CPU
		{DAD0DE4F-3698-4320-85F3-334888AE8288}.Debug|Any CPU.ActiveCfg = Debug|Any CPU
		{DAD0DE4F-3698-4320-85F3-334888AE8288}.Debug|Any CPU.Build.0 = Debug|Any CPU
		{DAD0DE4F-3698-4320-85F3-334888AE8288}.Release|Any CPU.ActiveCfg = Release|Any CPU
		{DAD0DE4F-3698-4320-85F3-334888AE8288}.Release|Any CPU.Build.0 = Release|Any CPU
		{4A6D06FB-9DE6-447A-B373-B9A7AE857D33}.Debug|Any CPU.ActiveCfg = Debug|Any CPU
		{4A6D06FB-9DE6-447A-B373-B9A7AE857D33}.Debug|Any CPU.Build.0 = Debug|Any CPU
		{4A6D06FB-9DE6-447A-B373-B9A7AE857D33}.Release|Any CPU.ActiveCfg = Release|Any CPU
		{4A6D06FB-9DE6-447A-B373-B9A7AE857D33}.Release|Any CPU.Build.0 = Release|Any CPU
		{18EB164B-3758-40C1-AFCB-EAE2391867D7}.Debug|Any CPU.ActiveCfg = Debug|Any CPU
		{18EB164B-3758-40C1-AFCB-EAE2391867D7}.Debug|Any CPU.Build.0 = Debug|Any CPU
		{18EB164B-3758-40C1-AFCB-EAE2391867D7}.Release|Any CPU.ActiveCfg = Release|Any CPU
		{18EB164B-3758-40C1-AFCB-EAE2391867D7}.Release|Any CPU.Build.0 = Release|Any CPU
		{0E3F48E2-3347-47AE-A249-6D72BA878B1C}.Debug|Any CPU.ActiveCfg = Debug|Any CPU
		{0E3F48E2-3347-47AE-A249-6D72BA878B1C}.Debug|Any CPU.Build.0 = Debug|Any CPU
		{0E3F48E2-3347-47AE-A249-6D72BA878B1C}.Release|Any CPU.ActiveCfg = Release|Any CPU
		{0E3F48E2-3347-47AE-A249-6D72BA878B1C}.Release|Any CPU.Build.0 = Release|Any CPU
		{FE8F1D01-1DE1-4546-84E4-AC49D99698BF}.Debug|Any CPU.ActiveCfg = Debug|Any CPU
		{FE8F1D01-1DE1-4546-84E4-AC49D99698BF}.Debug|Any CPU.Build.0 = Debug|Any CPU
		{FE8F1D01-1DE1-4546-84E4-AC49D99698BF}.Release|Any CPU.ActiveCfg = Release|Any CPU
		{FE8F1D01-1DE1-4546-84E4-AC49D99698BF}.Release|Any CPU.Build.0 = Release|Any CPU
		{E26EE9F1-AD28-462D-9D87-816D406F1053}.Debug|Any CPU.ActiveCfg = Debug|Any CPU
		{E26EE9F1-AD28-462D-9D87-816D406F1053}.Debug|Any CPU.Build.0 = Debug|Any CPU
		{E26EE9F1-AD28-462D-9D87-816D406F1053}.Release|Any CPU.ActiveCfg = Release|Any CPU
		{E26EE9F1-AD28-462D-9D87-816D406F1053}.Release|Any CPU.Build.0 = Release|Any CPU
		{39FDB846-F93B-419B-852A-2ED999E9B29B}.Debug|Any CPU.ActiveCfg = Debug|Any CPU
		{39FDB846-F93B-419B-852A-2ED999E9B29B}.Debug|Any CPU.Build.0 = Debug|Any CPU
		{39FDB846-F93B-419B-852A-2ED999E9B29B}.Release|Any CPU.ActiveCfg = Release|Any CPU
		{39FDB846-F93B-419B-852A-2ED999E9B29B}.Release|Any CPU.Build.0 = Release|Any CPU
		{B4FF80F5-E310-46ED-B4CB-2E35C7361556}.Debug|Any CPU.ActiveCfg = Debug|Any CPU
		{B4FF80F5-E310-46ED-B4CB-2E35C7361556}.Debug|Any CPU.Build.0 = Debug|Any CPU
		{B4FF80F5-E310-46ED-B4CB-2E35C7361556}.Release|Any CPU.ActiveCfg = Release|Any CPU
		{B4FF80F5-E310-46ED-B4CB-2E35C7361556}.Release|Any CPU.Build.0 = Release|Any CPU
		{143F8DD9-2A9E-4F89-9E64-164F52C5DD7F}.Debug|Any CPU.ActiveCfg = Debug|Any CPU
		{143F8DD9-2A9E-4F89-9E64-164F52C5DD7F}.Debug|Any CPU.Build.0 = Debug|Any CPU
		{143F8DD9-2A9E-4F89-9E64-164F52C5DD7F}.Release|Any CPU.ActiveCfg = Release|Any CPU
		{143F8DD9-2A9E-4F89-9E64-164F52C5DD7F}.Release|Any CPU.Build.0 = Release|Any CPU
		{FB72D266-7C7D-438A-9ED1-AC0D5F524D30}.Debug|Any CPU.ActiveCfg = Debug|Any CPU
		{FB72D266-7C7D-438A-9ED1-AC0D5F524D30}.Debug|Any CPU.Build.0 = Debug|Any CPU
		{FB72D266-7C7D-438A-9ED1-AC0D5F524D30}.Release|Any CPU.ActiveCfg = Release|Any CPU
		{FB72D266-7C7D-438A-9ED1-AC0D5F524D30}.Release|Any CPU.Build.0 = Release|Any CPU
		{1DF271E6-FA0D-418B-8C59-2060B7E1A13E}.Debug|Any CPU.ActiveCfg = Debug|Any CPU
		{1DF271E6-FA0D-418B-8C59-2060B7E1A13E}.Debug|Any CPU.Build.0 = Debug|Any CPU
		{1DF271E6-FA0D-418B-8C59-2060B7E1A13E}.Release|Any CPU.ActiveCfg = Release|Any CPU
		{1DF271E6-FA0D-418B-8C59-2060B7E1A13E}.Release|Any CPU.Build.0 = Release|Any CPU
		{D83448B8-8B03-40F0-A572-B41DFCD02B7C}.Debug|Any CPU.ActiveCfg = Debug|Any CPU
		{D83448B8-8B03-40F0-A572-B41DFCD02B7C}.Debug|Any CPU.Build.0 = Debug|Any CPU
		{D83448B8-8B03-40F0-A572-B41DFCD02B7C}.Release|Any CPU.ActiveCfg = Release|Any CPU
		{D83448B8-8B03-40F0-A572-B41DFCD02B7C}.Release|Any CPU.Build.0 = Release|Any CPU
		{8D5415AD-F332-4168-8A30-6107F2A8C315}.Debug|Any CPU.ActiveCfg = Debug|Any CPU
		{8D5415AD-F332-4168-8A30-6107F2A8C315}.Debug|Any CPU.Build.0 = Debug|Any CPU
		{8D5415AD-F332-4168-8A30-6107F2A8C315}.Release|Any CPU.ActiveCfg = Release|Any CPU
		{8D5415AD-F332-4168-8A30-6107F2A8C315}.Release|Any CPU.Build.0 = Release|Any CPU
		{D2E56B9B-BD0C-4196-AA3B-B3353E10A424}.Debug|Any CPU.ActiveCfg = Debug|Any CPU
		{D2E56B9B-BD0C-4196-AA3B-B3353E10A424}.Debug|Any CPU.Build.0 = Debug|Any CPU
		{D2E56B9B-BD0C-4196-AA3B-B3353E10A424}.Release|Any CPU.ActiveCfg = Release|Any CPU
		{D2E56B9B-BD0C-4196-AA3B-B3353E10A424}.Release|Any CPU.Build.0 = Release|Any CPU
		{33DA1183-36A5-46D5-BFE7-4F0A91C19011}.Debug|Any CPU.ActiveCfg = Debug|Any CPU
		{33DA1183-36A5-46D5-BFE7-4F0A91C19011}.Debug|Any CPU.Build.0 = Debug|Any CPU
		{33DA1183-36A5-46D5-BFE7-4F0A91C19011}.Release|Any CPU.ActiveCfg = Release|Any CPU
		{33DA1183-36A5-46D5-BFE7-4F0A91C19011}.Release|Any CPU.Build.0 = Release|Any CPU
		{DEF423C5-1F38-40DA-B476-66792DD732E9}.Debug|Any CPU.ActiveCfg = Debug|Any CPU
		{DEF423C5-1F38-40DA-B476-66792DD732E9}.Debug|Any CPU.Build.0 = Debug|Any CPU
		{DEF423C5-1F38-40DA-B476-66792DD732E9}.Release|Any CPU.ActiveCfg = Release|Any CPU
		{DEF423C5-1F38-40DA-B476-66792DD732E9}.Release|Any CPU.Build.0 = Release|Any CPU
		{9CCB15A5-04BA-49E2-BA9C-879B5119A4A9}.Debug|Any CPU.ActiveCfg = Debug|Any CPU
		{9CCB15A5-04BA-49E2-BA9C-879B5119A4A9}.Debug|Any CPU.Build.0 = Debug|Any CPU
		{9CCB15A5-04BA-49E2-BA9C-879B5119A4A9}.Release|Any CPU.ActiveCfg = Release|Any CPU
		{9CCB15A5-04BA-49E2-BA9C-879B5119A4A9}.Release|Any CPU.Build.0 = Release|Any CPU
		{8D899932-6FF2-4EB0-812F-1EB1841B8D7A}.Debug|Any CPU.ActiveCfg = Debug|Any CPU
		{8D899932-6FF2-4EB0-812F-1EB1841B8D7A}.Debug|Any CPU.Build.0 = Debug|Any CPU
		{8D899932-6FF2-4EB0-812F-1EB1841B8D7A}.Release|Any CPU.ActiveCfg = Release|Any CPU
		{8D899932-6FF2-4EB0-812F-1EB1841B8D7A}.Release|Any CPU.Build.0 = Release|Any CPU
		{2928D80B-57E3-4583-8D9D-AB3CBE06F4D7}.Debug|Any CPU.ActiveCfg = Debug|Any CPU
		{2928D80B-57E3-4583-8D9D-AB3CBE06F4D7}.Debug|Any CPU.Build.0 = Debug|Any CPU
		{2928D80B-57E3-4583-8D9D-AB3CBE06F4D7}.Release|Any CPU.ActiveCfg = Release|Any CPU
		{2928D80B-57E3-4583-8D9D-AB3CBE06F4D7}.Release|Any CPU.Build.0 = Release|Any CPU
		{E041B9E4-02D4-4271-AC07-C3BC32B84E12}.Debug|Any CPU.ActiveCfg = Debug|Any CPU
		{E041B9E4-02D4-4271-AC07-C3BC32B84E12}.Debug|Any CPU.Build.0 = Debug|Any CPU
		{E041B9E4-02D4-4271-AC07-C3BC32B84E12}.Release|Any CPU.ActiveCfg = Release|Any CPU
		{E041B9E4-02D4-4271-AC07-C3BC32B84E12}.Release|Any CPU.Build.0 = Release|Any CPU
		{3223B7E4-5FF5-492C-BD53-CD8496C73700}.Debug|Any CPU.ActiveCfg = Debug|Any CPU
		{3223B7E4-5FF5-492C-BD53-CD8496C73700}.Debug|Any CPU.Build.0 = Debug|Any CPU
		{3223B7E4-5FF5-492C-BD53-CD8496C73700}.Release|Any CPU.ActiveCfg = Release|Any CPU
		{3223B7E4-5FF5-492C-BD53-CD8496C73700}.Release|Any CPU.Build.0 = Release|Any CPU
		{4240C622-BC30-45F4-918B-4F01BFECEF19}.Debug|Any CPU.ActiveCfg = Debug|Any CPU
		{4240C622-BC30-45F4-918B-4F01BFECEF19}.Debug|Any CPU.Build.0 = Debug|Any CPU
		{4240C622-BC30-45F4-918B-4F01BFECEF19}.Release|Any CPU.ActiveCfg = Release|Any CPU
		{4240C622-BC30-45F4-918B-4F01BFECEF19}.Release|Any CPU.Build.0 = Release|Any CPU
		{9DE0BB4F-5871-4683-A39D-B48B436F0446}.Debug|Any CPU.ActiveCfg = Debug|Any CPU
		{9DE0BB4F-5871-4683-A39D-B48B436F0446}.Debug|Any CPU.Build.0 = Debug|Any CPU
		{9DE0BB4F-5871-4683-A39D-B48B436F0446}.Release|Any CPU.ActiveCfg = Release|Any CPU
		{9DE0BB4F-5871-4683-A39D-B48B436F0446}.Release|Any CPU.Build.0 = Release|Any CPU
		{3D1E691A-0B46-43EF-904A-E10DE4409E42}.Debug|Any CPU.ActiveCfg = Debug|Any CPU
		{3D1E691A-0B46-43EF-904A-E10DE4409E42}.Debug|Any CPU.Build.0 = Debug|Any CPU
		{3D1E691A-0B46-43EF-904A-E10DE4409E42}.Release|Any CPU.ActiveCfg = Release|Any CPU
		{3D1E691A-0B46-43EF-904A-E10DE4409E42}.Release|Any CPU.Build.0 = Release|Any CPU
		{93D23F20-C3DE-4C99-9377-E9EAD9BCF615}.Debug|Any CPU.ActiveCfg = Debug|Any CPU
		{93D23F20-C3DE-4C99-9377-E9EAD9BCF615}.Debug|Any CPU.Build.0 = Debug|Any CPU
		{93D23F20-C3DE-4C99-9377-E9EAD9BCF615}.Release|Any CPU.ActiveCfg = Release|Any CPU
		{93D23F20-C3DE-4C99-9377-E9EAD9BCF615}.Release|Any CPU.Build.0 = Release|Any CPU
		{A6E5CFBC-DF02-4EE1-8134-9753E8CEE5A6}.Debug|Any CPU.ActiveCfg = Debug|Any CPU
		{A6E5CFBC-DF02-4EE1-8134-9753E8CEE5A6}.Debug|Any CPU.Build.0 = Debug|Any CPU
		{A6E5CFBC-DF02-4EE1-8134-9753E8CEE5A6}.Release|Any CPU.ActiveCfg = Release|Any CPU
		{A6E5CFBC-DF02-4EE1-8134-9753E8CEE5A6}.Release|Any CPU.Build.0 = Release|Any CPU
		{CAE48072-B465-4313-B92B-CF873AF9EA73}.Debug|Any CPU.ActiveCfg = Debug|Any CPU
		{CAE48072-B465-4313-B92B-CF873AF9EA73}.Debug|Any CPU.Build.0 = Debug|Any CPU
		{CAE48072-B465-4313-B92B-CF873AF9EA73}.Release|Any CPU.ActiveCfg = Release|Any CPU
		{CAE48072-B465-4313-B92B-CF873AF9EA73}.Release|Any CPU.Build.0 = Release|Any CPU
		{6C880F30-AC8A-49FA-B4C9-BC3EAEAB0CFF}.Debug|Any CPU.ActiveCfg = Debug|Any CPU
		{6C880F30-AC8A-49FA-B4C9-BC3EAEAB0CFF}.Debug|Any CPU.Build.0 = Debug|Any CPU
		{6C880F30-AC8A-49FA-B4C9-BC3EAEAB0CFF}.Release|Any CPU.ActiveCfg = Release|Any CPU
		{6C880F30-AC8A-49FA-B4C9-BC3EAEAB0CFF}.Release|Any CPU.Build.0 = Release|Any CPU
		{5407BA68-4891-45FB-A73E-CA06BD264AC5}.Debug|Any CPU.ActiveCfg = Debug|Any CPU
		{5407BA68-4891-45FB-A73E-CA06BD264AC5}.Debug|Any CPU.Build.0 = Debug|Any CPU
		{5407BA68-4891-45FB-A73E-CA06BD264AC5}.Release|Any CPU.ActiveCfg = Release|Any CPU
		{5407BA68-4891-45FB-A73E-CA06BD264AC5}.Release|Any CPU.Build.0 = Release|Any CPU
		{4CA1AB11-7A9F-422C-A625-0FEDCF3006C7}.Debug|Any CPU.ActiveCfg = Debug|Any CPU
		{4CA1AB11-7A9F-422C-A625-0FEDCF3006C7}.Debug|Any CPU.Build.0 = Debug|Any CPU
		{4CA1AB11-7A9F-422C-A625-0FEDCF3006C7}.Release|Any CPU.ActiveCfg = Release|Any CPU
		{4CA1AB11-7A9F-422C-A625-0FEDCF3006C7}.Release|Any CPU.Build.0 = Release|Any CPU
		{3462A647-6F15-43E4-B890-AEBA007443EB}.Debug|Any CPU.ActiveCfg = Debug|Any CPU
		{3462A647-6F15-43E4-B890-AEBA007443EB}.Debug|Any CPU.Build.0 = Debug|Any CPU
		{3462A647-6F15-43E4-B890-AEBA007443EB}.Release|Any CPU.ActiveCfg = Release|Any CPU
		{3462A647-6F15-43E4-B890-AEBA007443EB}.Release|Any CPU.Build.0 = Release|Any CPU
		{7AC8A8AB-8539-4834-9012-E44320EDEDAF}.Debug|Any CPU.ActiveCfg = Debug|Any CPU
		{7AC8A8AB-8539-4834-9012-E44320EDEDAF}.Debug|Any CPU.Build.0 = Debug|Any CPU
		{7AC8A8AB-8539-4834-9012-E44320EDEDAF}.Release|Any CPU.ActiveCfg = Release|Any CPU
		{7AC8A8AB-8539-4834-9012-E44320EDEDAF}.Release|Any CPU.Build.0 = Release|Any CPU
		{437BC0A9-2367-40B3-A452-1566E72687E3}.Debug|Any CPU.ActiveCfg = Debug|Any CPU
		{437BC0A9-2367-40B3-A452-1566E72687E3}.Debug|Any CPU.Build.0 = Debug|Any CPU
		{437BC0A9-2367-40B3-A452-1566E72687E3}.Release|Any CPU.ActiveCfg = Release|Any CPU
		{437BC0A9-2367-40B3-A452-1566E72687E3}.Release|Any CPU.Build.0 = Release|Any CPU
		{6558F280-DA32-4AE1-B301-49FF7A69A7B5}.Debug|Any CPU.ActiveCfg = Debug|Any CPU
		{6558F280-DA32-4AE1-B301-49FF7A69A7B5}.Debug|Any CPU.Build.0 = Debug|Any CPU
		{6558F280-DA32-4AE1-B301-49FF7A69A7B5}.Release|Any CPU.ActiveCfg = Release|Any CPU
		{6558F280-DA32-4AE1-B301-49FF7A69A7B5}.Release|Any CPU.Build.0 = Release|Any CPU
		{9FCAEBF2-8C4F-4458-A90E-73938408FA28}.Debug|Any CPU.ActiveCfg = Debug|Any CPU
		{9FCAEBF2-8C4F-4458-A90E-73938408FA28}.Debug|Any CPU.Build.0 = Debug|Any CPU
		{9FCAEBF2-8C4F-4458-A90E-73938408FA28}.Release|Any CPU.ActiveCfg = Release|Any CPU
		{9FCAEBF2-8C4F-4458-A90E-73938408FA28}.Release|Any CPU.Build.0 = Release|Any CPU
		{743E8424-44E2-4B6C-8061-C4A88DF3B66C}.Debug|Any CPU.ActiveCfg = Debug|Any CPU
		{743E8424-44E2-4B6C-8061-C4A88DF3B66C}.Debug|Any CPU.Build.0 = Debug|Any CPU
		{743E8424-44E2-4B6C-8061-C4A88DF3B66C}.Release|Any CPU.ActiveCfg = Release|Any CPU
		{743E8424-44E2-4B6C-8061-C4A88DF3B66C}.Release|Any CPU.Build.0 = Release|Any CPU
		{49BA33DE-704A-496A-B0EE-415BA8BA1348}.Debug|Any CPU.ActiveCfg = Debug|Any CPU
		{49BA33DE-704A-496A-B0EE-415BA8BA1348}.Debug|Any CPU.Build.0 = Debug|Any CPU
		{49BA33DE-704A-496A-B0EE-415BA8BA1348}.Release|Any CPU.ActiveCfg = Release|Any CPU
		{49BA33DE-704A-496A-B0EE-415BA8BA1348}.Release|Any CPU.Build.0 = Release|Any CPU
		{AA1871AF-3B88-4AA3-BF2D-E00958F19AC8}.Debug|Any CPU.ActiveCfg = Debug|Any CPU
		{AA1871AF-3B88-4AA3-BF2D-E00958F19AC8}.Debug|Any CPU.Build.0 = Debug|Any CPU
		{AA1871AF-3B88-4AA3-BF2D-E00958F19AC8}.Release|Any CPU.ActiveCfg = Release|Any CPU
		{AA1871AF-3B88-4AA3-BF2D-E00958F19AC8}.Release|Any CPU.Build.0 = Release|Any CPU
		{5E9305A1-DD5C-4E32-92E0-CEF37E48A065}.Debug|Any CPU.ActiveCfg = Debug|Any CPU
		{5E9305A1-DD5C-4E32-92E0-CEF37E48A065}.Debug|Any CPU.Build.0 = Debug|Any CPU
		{5E9305A1-DD5C-4E32-92E0-CEF37E48A065}.Release|Any CPU.ActiveCfg = Release|Any CPU
		{5E9305A1-DD5C-4E32-92E0-CEF37E48A065}.Release|Any CPU.Build.0 = Release|Any CPU
		{0780D132-029B-4068-8365-09CEB73334AE}.Debug|Any CPU.ActiveCfg = Debug|Any CPU
		{0780D132-029B-4068-8365-09CEB73334AE}.Debug|Any CPU.Build.0 = Debug|Any CPU
		{0780D132-029B-4068-8365-09CEB73334AE}.Release|Any CPU.ActiveCfg = Release|Any CPU
		{0780D132-029B-4068-8365-09CEB73334AE}.Release|Any CPU.Build.0 = Release|Any CPU
		{173A546E-71DB-4F17-AEEC-4AE01750106A}.Debug|Any CPU.ActiveCfg = Debug|Any CPU
		{173A546E-71DB-4F17-AEEC-4AE01750106A}.Debug|Any CPU.Build.0 = Debug|Any CPU
		{173A546E-71DB-4F17-AEEC-4AE01750106A}.Release|Any CPU.ActiveCfg = Release|Any CPU
		{173A546E-71DB-4F17-AEEC-4AE01750106A}.Release|Any CPU.Build.0 = Release|Any CPU
		{AFFB15A1-6B72-4E68-B12C-8F61E12309F0}.Debug|Any CPU.ActiveCfg = Debug|Any CPU
		{AFFB15A1-6B72-4E68-B12C-8F61E12309F0}.Debug|Any CPU.Build.0 = Debug|Any CPU
		{AFFB15A1-6B72-4E68-B12C-8F61E12309F0}.Release|Any CPU.ActiveCfg = Release|Any CPU
		{AFFB15A1-6B72-4E68-B12C-8F61E12309F0}.Release|Any CPU.Build.0 = Release|Any CPU
		{BBDD3702-78A4-4FCF-8A68-4C3ABC19D6C9}.Debug|Any CPU.ActiveCfg = Debug|Any CPU
		{BBDD3702-78A4-4FCF-8A68-4C3ABC19D6C9}.Debug|Any CPU.Build.0 = Debug|Any CPU
		{BBDD3702-78A4-4FCF-8A68-4C3ABC19D6C9}.Release|Any CPU.ActiveCfg = Release|Any CPU
		{BBDD3702-78A4-4FCF-8A68-4C3ABC19D6C9}.Release|Any CPU.Build.0 = Release|Any CPU
		{9A18894B-66C9-4843-AD98-DEC4C9F2456D}.Debug|Any CPU.ActiveCfg = Debug|Any CPU
		{9A18894B-66C9-4843-AD98-DEC4C9F2456D}.Debug|Any CPU.Build.0 = Debug|Any CPU
		{9A18894B-66C9-4843-AD98-DEC4C9F2456D}.Release|Any CPU.ActiveCfg = Release|Any CPU
		{9A18894B-66C9-4843-AD98-DEC4C9F2456D}.Release|Any CPU.Build.0 = Release|Any CPU
		{36EFC7F9-E77F-40F1-8C02-4B9F27169717}.Debug|Any CPU.ActiveCfg = Debug|Any CPU
		{36EFC7F9-E77F-40F1-8C02-4B9F27169717}.Debug|Any CPU.Build.0 = Debug|Any CPU
		{36EFC7F9-E77F-40F1-8C02-4B9F27169717}.Release|Any CPU.ActiveCfg = Release|Any CPU
		{36EFC7F9-E77F-40F1-8C02-4B9F27169717}.Release|Any CPU.Build.0 = Release|Any CPU
		{D3B2CD54-8904-4076-A85C-B52DA44A3209}.Debug|Any CPU.ActiveCfg = Debug|Any CPU
		{D3B2CD54-8904-4076-A85C-B52DA44A3209}.Debug|Any CPU.Build.0 = Debug|Any CPU
		{D3B2CD54-8904-4076-A85C-B52DA44A3209}.Release|Any CPU.ActiveCfg = Release|Any CPU
		{D3B2CD54-8904-4076-A85C-B52DA44A3209}.Release|Any CPU.Build.0 = Release|Any CPU
		{47F70BF0-0801-49B0-BBDB-D94E23039A64}.Debug|Any CPU.ActiveCfg = Debug|Any CPU
		{47F70BF0-0801-49B0-BBDB-D94E23039A64}.Debug|Any CPU.Build.0 = Debug|Any CPU
		{47F70BF0-0801-49B0-BBDB-D94E23039A64}.Release|Any CPU.ActiveCfg = Release|Any CPU
		{47F70BF0-0801-49B0-BBDB-D94E23039A64}.Release|Any CPU.Build.0 = Release|Any CPU
		{76EE243C-56C8-424F-987A-B9D7412F094A}.Debug|Any CPU.ActiveCfg = Debug|Any CPU
		{76EE243C-56C8-424F-987A-B9D7412F094A}.Debug|Any CPU.Build.0 = Debug|Any CPU
		{76EE243C-56C8-424F-987A-B9D7412F094A}.Release|Any CPU.ActiveCfg = Release|Any CPU
		{76EE243C-56C8-424F-987A-B9D7412F094A}.Release|Any CPU.Build.0 = Release|Any CPU
		{872630A3-AEC9-4AB9-B728-FA769F4893A2}.Debug|Any CPU.ActiveCfg = Debug|Any CPU
		{872630A3-AEC9-4AB9-B728-FA769F4893A2}.Debug|Any CPU.Build.0 = Debug|Any CPU
		{872630A3-AEC9-4AB9-B728-FA769F4893A2}.Release|Any CPU.ActiveCfg = Release|Any CPU
		{872630A3-AEC9-4AB9-B728-FA769F4893A2}.Release|Any CPU.Build.0 = Release|Any CPU
		{0CE684D2-A36F-4255-B332-F23991F0339F}.Debug|Any CPU.ActiveCfg = Debug|Any CPU
		{0CE684D2-A36F-4255-B332-F23991F0339F}.Debug|Any CPU.Build.0 = Debug|Any CPU
		{0CE684D2-A36F-4255-B332-F23991F0339F}.Release|Any CPU.ActiveCfg = Release|Any CPU
		{0CE684D2-A36F-4255-B332-F23991F0339F}.Release|Any CPU.Build.0 = Release|Any CPU
		{8CED8BA1-60C4-4BCA-96EE-AADB2DC10631}.Debug|Any CPU.ActiveCfg = Debug|Any CPU
		{8CED8BA1-60C4-4BCA-96EE-AADB2DC10631}.Debug|Any CPU.Build.0 = Debug|Any CPU
		{8CED8BA1-60C4-4BCA-96EE-AADB2DC10631}.Release|Any CPU.ActiveCfg = Release|Any CPU
		{8CED8BA1-60C4-4BCA-96EE-AADB2DC10631}.Release|Any CPU.Build.0 = Release|Any CPU
		{5D7A5AFA-713D-46E6-9BCB-78DFEB8FBC43}.Debug|Any CPU.ActiveCfg = Debug|Any CPU
		{5D7A5AFA-713D-46E6-9BCB-78DFEB8FBC43}.Debug|Any CPU.Build.0 = Debug|Any CPU
		{5D7A5AFA-713D-46E6-9BCB-78DFEB8FBC43}.Release|Any CPU.ActiveCfg = Release|Any CPU
		{5D7A5AFA-713D-46E6-9BCB-78DFEB8FBC43}.Release|Any CPU.Build.0 = Release|Any CPU
		{76EE0863-0558-44D7-9995-92CBABF54957}.Debug|Any CPU.ActiveCfg = Debug|Any CPU
		{76EE0863-0558-44D7-9995-92CBABF54957}.Debug|Any CPU.Build.0 = Debug|Any CPU
		{76EE0863-0558-44D7-9995-92CBABF54957}.Release|Any CPU.ActiveCfg = Release|Any CPU
		{76EE0863-0558-44D7-9995-92CBABF54957}.Release|Any CPU.Build.0 = Release|Any CPU
		{FBAEF030-94A5-4856-B33B-6F1B30CB706A}.Debug|Any CPU.ActiveCfg = Debug|Any CPU
		{FBAEF030-94A5-4856-B33B-6F1B30CB706A}.Debug|Any CPU.Build.0 = Debug|Any CPU
		{FBAEF030-94A5-4856-B33B-6F1B30CB706A}.Release|Any CPU.ActiveCfg = Release|Any CPU
		{FBAEF030-94A5-4856-B33B-6F1B30CB706A}.Release|Any CPU.Build.0 = Release|Any CPU
		{6C6FC820-D15A-440D-9145-7628CD99F1D1}.Debug|Any CPU.ActiveCfg = Debug|Any CPU
		{6C6FC820-D15A-440D-9145-7628CD99F1D1}.Debug|Any CPU.Build.0 = Debug|Any CPU
		{6C6FC820-D15A-440D-9145-7628CD99F1D1}.Release|Any CPU.ActiveCfg = Release|Any CPU
		{6C6FC820-D15A-440D-9145-7628CD99F1D1}.Release|Any CPU.Build.0 = Release|Any CPU
		{17608B11-FC3F-405D-942E-82BFFE18776C}.Debug|Any CPU.ActiveCfg = Debug|Any CPU
		{17608B11-FC3F-405D-942E-82BFFE18776C}.Debug|Any CPU.Build.0 = Debug|Any CPU
		{17608B11-FC3F-405D-942E-82BFFE18776C}.Release|Any CPU.ActiveCfg = Release|Any CPU
		{17608B11-FC3F-405D-942E-82BFFE18776C}.Release|Any CPU.Build.0 = Release|Any CPU
		{59D30865-5DFB-4E54-95F3-4E15DBD03925}.Debug|Any CPU.ActiveCfg = Debug|Any CPU
		{59D30865-5DFB-4E54-95F3-4E15DBD03925}.Debug|Any CPU.Build.0 = Debug|Any CPU
		{59D30865-5DFB-4E54-95F3-4E15DBD03925}.Release|Any CPU.ActiveCfg = Release|Any CPU
		{59D30865-5DFB-4E54-95F3-4E15DBD03925}.Release|Any CPU.Build.0 = Release|Any CPU
		{0BB2D74B-5694-4BBA-BEDC-5C95CD743486}.Debug|Any CPU.ActiveCfg = Debug|Any CPU
		{0BB2D74B-5694-4BBA-BEDC-5C95CD743486}.Debug|Any CPU.Build.0 = Debug|Any CPU
		{0BB2D74B-5694-4BBA-BEDC-5C95CD743486}.Release|Any CPU.ActiveCfg = Release|Any CPU
		{0BB2D74B-5694-4BBA-BEDC-5C95CD743486}.Release|Any CPU.Build.0 = Release|Any CPU
		{9371754F-156C-4135-B9BA-FFBC44C4D0A6}.Debug|Any CPU.ActiveCfg = Debug|Any CPU
		{9371754F-156C-4135-B9BA-FFBC44C4D0A6}.Debug|Any CPU.Build.0 = Debug|Any CPU
		{9371754F-156C-4135-B9BA-FFBC44C4D0A6}.Release|Any CPU.ActiveCfg = Release|Any CPU
		{9371754F-156C-4135-B9BA-FFBC44C4D0A6}.Release|Any CPU.Build.0 = Release|Any CPU
		{CF38345E-5488-4547-98A2-C5D70A002951}.Debug|Any CPU.ActiveCfg = Debug|Any CPU
		{CF38345E-5488-4547-98A2-C5D70A002951}.Debug|Any CPU.Build.0 = Debug|Any CPU
		{CF38345E-5488-4547-98A2-C5D70A002951}.Release|Any CPU.ActiveCfg = Release|Any CPU
		{CF38345E-5488-4547-98A2-C5D70A002951}.Release|Any CPU.Build.0 = Release|Any CPU
		{1598858C-1B8D-49AC-9EF6-B678BE9D0F58}.Debug|Any CPU.ActiveCfg = Debug|Any CPU
		{1598858C-1B8D-49AC-9EF6-B678BE9D0F58}.Debug|Any CPU.Build.0 = Debug|Any CPU
		{1598858C-1B8D-49AC-9EF6-B678BE9D0F58}.Release|Any CPU.ActiveCfg = Release|Any CPU
		{1598858C-1B8D-49AC-9EF6-B678BE9D0F58}.Release|Any CPU.Build.0 = Release|Any CPU
		{410B72D9-F426-4819-8D2E-65817C26FF09}.Debug|Any CPU.ActiveCfg = Debug|Any CPU
		{410B72D9-F426-4819-8D2E-65817C26FF09}.Debug|Any CPU.Build.0 = Debug|Any CPU
		{410B72D9-F426-4819-8D2E-65817C26FF09}.Release|Any CPU.ActiveCfg = Release|Any CPU
		{410B72D9-F426-4819-8D2E-65817C26FF09}.Release|Any CPU.Build.0 = Release|Any CPU
		{7DAA0770-0390-4136-ACC2-B654A7E2BD14}.Debug|Any CPU.ActiveCfg = Debug|Any CPU
		{7DAA0770-0390-4136-ACC2-B654A7E2BD14}.Debug|Any CPU.Build.0 = Debug|Any CPU
		{7DAA0770-0390-4136-ACC2-B654A7E2BD14}.Release|Any CPU.ActiveCfg = Release|Any CPU
		{7DAA0770-0390-4136-ACC2-B654A7E2BD14}.Release|Any CPU.Build.0 = Release|Any CPU
		{C460C175-7A26-4233-9B84-3127F28DDDD8}.Debug|Any CPU.ActiveCfg = Debug|Any CPU
		{C460C175-7A26-4233-9B84-3127F28DDDD8}.Debug|Any CPU.Build.0 = Debug|Any CPU
		{C460C175-7A26-4233-9B84-3127F28DDDD8}.Release|Any CPU.ActiveCfg = Release|Any CPU
		{C460C175-7A26-4233-9B84-3127F28DDDD8}.Release|Any CPU.Build.0 = Release|Any CPU
		{707D7581-6FB7-49F3-A822-EA4DE56B8C8E}.Debug|Any CPU.ActiveCfg = Debug|Any CPU
		{707D7581-6FB7-49F3-A822-EA4DE56B8C8E}.Debug|Any CPU.Build.0 = Debug|Any CPU
		{707D7581-6FB7-49F3-A822-EA4DE56B8C8E}.Release|Any CPU.ActiveCfg = Release|Any CPU
		{707D7581-6FB7-49F3-A822-EA4DE56B8C8E}.Release|Any CPU.Build.0 = Release|Any CPU
		{55577362-B3EB-49FC-874F-31A5D23451ED}.Debug|Any CPU.ActiveCfg = Debug|Any CPU
		{55577362-B3EB-49FC-874F-31A5D23451ED}.Debug|Any CPU.Build.0 = Debug|Any CPU
		{55577362-B3EB-49FC-874F-31A5D23451ED}.Release|Any CPU.ActiveCfg = Release|Any CPU
		{55577362-B3EB-49FC-874F-31A5D23451ED}.Release|Any CPU.Build.0 = Release|Any CPU
		{B93BCAC9-60FC-40FF-99D8-9047046B01F8}.Debug|Any CPU.ActiveCfg = Debug|Any CPU
		{B93BCAC9-60FC-40FF-99D8-9047046B01F8}.Debug|Any CPU.Build.0 = Debug|Any CPU
		{B93BCAC9-60FC-40FF-99D8-9047046B01F8}.Release|Any CPU.ActiveCfg = Release|Any CPU
		{B93BCAC9-60FC-40FF-99D8-9047046B01F8}.Release|Any CPU.Build.0 = Release|Any CPU
		{B71DD922-1E65-43CD-A2AE-86015732D559}.Debug|Any CPU.ActiveCfg = Debug|Any CPU
		{B71DD922-1E65-43CD-A2AE-86015732D559}.Debug|Any CPU.Build.0 = Debug|Any CPU
		{B71DD922-1E65-43CD-A2AE-86015732D559}.Release|Any CPU.ActiveCfg = Release|Any CPU
		{B71DD922-1E65-43CD-A2AE-86015732D559}.Release|Any CPU.Build.0 = Release|Any CPU
		{F0FCA9DF-F0AE-44F8-A5BE-2FAD777AFEA2}.Debug|Any CPU.ActiveCfg = Debug|Any CPU
		{F0FCA9DF-F0AE-44F8-A5BE-2FAD777AFEA2}.Debug|Any CPU.Build.0 = Debug|Any CPU
		{F0FCA9DF-F0AE-44F8-A5BE-2FAD777AFEA2}.Release|Any CPU.ActiveCfg = Release|Any CPU
		{F0FCA9DF-F0AE-44F8-A5BE-2FAD777AFEA2}.Release|Any CPU.Build.0 = Release|Any CPU
		{11F9D9AD-C3D6-4E23-A84E-A38FCEE0FADE}.Debug|Any CPU.ActiveCfg = Debug|Any CPU
		{11F9D9AD-C3D6-4E23-A84E-A38FCEE0FADE}.Debug|Any CPU.Build.0 = Debug|Any CPU
		{11F9D9AD-C3D6-4E23-A84E-A38FCEE0FADE}.Release|Any CPU.ActiveCfg = Release|Any CPU
		{11F9D9AD-C3D6-4E23-A84E-A38FCEE0FADE}.Release|Any CPU.Build.0 = Release|Any CPU
		{3E30B832-EE94-4CDD-BE73-145AE549CA2E}.Debug|Any CPU.ActiveCfg = Debug|Any CPU
		{3E30B832-EE94-4CDD-BE73-145AE549CA2E}.Debug|Any CPU.Build.0 = Debug|Any CPU
		{3E30B832-EE94-4CDD-BE73-145AE549CA2E}.Release|Any CPU.ActiveCfg = Release|Any CPU
		{3E30B832-EE94-4CDD-BE73-145AE549CA2E}.Release|Any CPU.Build.0 = Release|Any CPU
	EndGlobalSection
	GlobalSection(SolutionProperties) = preSolution
		HideSolutionNode = FALSE
	EndGlobalSection
	GlobalSection(NestedProjects) = preSolution
		{E158C4A6-242F-4A41-9550-C20558E040B8} = {4F3D5843-129C-4A1B-9E96-42BAC9B4E444}
		{50B0BD3B-6315-4DF3-AA19-D3BA6A08CF68} = {4F3D5843-129C-4A1B-9E96-42BAC9B4E444}
		{B6218DEA-61B1-432C-8888-B25B4190A7BF} = {4F3D5843-129C-4A1B-9E96-42BAC9B4E444}
		{3012FED4-1771-4D7A-A34D-5FCBE26EC38B} = {4F3D5843-129C-4A1B-9E96-42BAC9B4E444}
		{A51BAF8B-DB3F-4673-9758-C75BB8984776} = {4F3D5843-129C-4A1B-9E96-42BAC9B4E444}
		{DAD0DE4F-3698-4320-85F3-334888AE8288} = {4F3D5843-129C-4A1B-9E96-42BAC9B4E444}
		{4A6D06FB-9DE6-447A-B373-B9A7AE857D33} = {4F3D5843-129C-4A1B-9E96-42BAC9B4E444}
		{18EB164B-3758-40C1-AFCB-EAE2391867D7} = {4F3D5843-129C-4A1B-9E96-42BAC9B4E444}
		{0E3F48E2-3347-47AE-A249-6D72BA878B1C} = {4F3D5843-129C-4A1B-9E96-42BAC9B4E444}
		{FE8F1D01-1DE1-4546-84E4-AC49D99698BF} = {4F3D5843-129C-4A1B-9E96-42BAC9B4E444}
		{E26EE9F1-AD28-462D-9D87-816D406F1053} = {4F3D5843-129C-4A1B-9E96-42BAC9B4E444}
		{39FDB846-F93B-419B-852A-2ED999E9B29B} = {4F3D5843-129C-4A1B-9E96-42BAC9B4E444}
		{B4FF80F5-E310-46ED-B4CB-2E35C7361556} = {4F3D5843-129C-4A1B-9E96-42BAC9B4E444}
		{1DF271E6-FA0D-418B-8C59-2060B7E1A13E} = {4F3D5843-129C-4A1B-9E96-42BAC9B4E444}
		{D83448B8-8B03-40F0-A572-B41DFCD02B7C} = {4F3D5843-129C-4A1B-9E96-42BAC9B4E444}
		{8D5415AD-F332-4168-8A30-6107F2A8C315} = {4F3D5843-129C-4A1B-9E96-42BAC9B4E444}
		{D2E56B9B-BD0C-4196-AA3B-B3353E10A424} = {4F3D5843-129C-4A1B-9E96-42BAC9B4E444}
		{33DA1183-36A5-46D5-BFE7-4F0A91C19011} = {4F3D5843-129C-4A1B-9E96-42BAC9B4E444}
		{DEF423C5-1F38-40DA-B476-66792DD732E9} = {0EE993D2-FD42-4591-BAD5-DDBBB8E62F4A}
		{9CCB15A5-04BA-49E2-BA9C-879B5119A4A9} = {0EE993D2-FD42-4591-BAD5-DDBBB8E62F4A}
		{8D899932-6FF2-4EB0-812F-1EB1841B8D7A} = {0EE993D2-FD42-4591-BAD5-DDBBB8E62F4A}
		{2928D80B-57E3-4583-8D9D-AB3CBE06F4D7} = {0EE993D2-FD42-4591-BAD5-DDBBB8E62F4A}
		{E041B9E4-02D4-4271-AC07-C3BC32B84E12} = {9E32746B-C6FE-4B52-84B9-6D034A2364B9}
		{3223B7E4-5FF5-492C-BD53-CD8496C73700} = {9E32746B-C6FE-4B52-84B9-6D034A2364B9}
		{4240C622-BC30-45F4-918B-4F01BFECEF19} = {9E32746B-C6FE-4B52-84B9-6D034A2364B9}
		{9DE0BB4F-5871-4683-A39D-B48B436F0446} = {9E32746B-C6FE-4B52-84B9-6D034A2364B9}
		{3D1E691A-0B46-43EF-904A-E10DE4409E42} = {9E32746B-C6FE-4B52-84B9-6D034A2364B9}
		{93D23F20-C3DE-4C99-9377-E9EAD9BCF615} = {9E32746B-C6FE-4B52-84B9-6D034A2364B9}
		{A6E5CFBC-DF02-4EE1-8134-9753E8CEE5A6} = {9E32746B-C6FE-4B52-84B9-6D034A2364B9}
		{CAE48072-B465-4313-B92B-CF873AF9EA73} = {404D94C3-6C0D-4795-836A-E1AC7F97B9FB}
		{6C880F30-AC8A-49FA-B4C9-BC3EAEAB0CFF} = {404D94C3-6C0D-4795-836A-E1AC7F97B9FB}
		{5407BA68-4891-45FB-A73E-CA06BD264AC5} = {404D94C3-6C0D-4795-836A-E1AC7F97B9FB}
		{4CA1AB11-7A9F-422C-A625-0FEDCF3006C7} = {404D94C3-6C0D-4795-836A-E1AC7F97B9FB}
		{3462A647-6F15-43E4-B890-AEBA007443EB} = {404D94C3-6C0D-4795-836A-E1AC7F97B9FB}
		{7AC8A8AB-8539-4834-9012-E44320EDEDAF} = {404D94C3-6C0D-4795-836A-E1AC7F97B9FB}
		{437BC0A9-2367-40B3-A452-1566E72687E3} = {8CD2B355-4761-4B73-9D47-7D7D9E1E143C}
		{6558F280-DA32-4AE1-B301-49FF7A69A7B5} = {8CD2B355-4761-4B73-9D47-7D7D9E1E143C}
		{9FCAEBF2-8C4F-4458-A90E-73938408FA28} = {8CD2B355-4761-4B73-9D47-7D7D9E1E143C}
		{743E8424-44E2-4B6C-8061-C4A88DF3B66C} = {8CD2B355-4761-4B73-9D47-7D7D9E1E143C}
		{49BA33DE-704A-496A-B0EE-415BA8BA1348} = {8CD2B355-4761-4B73-9D47-7D7D9E1E143C}
		{AA1871AF-3B88-4AA3-BF2D-E00958F19AC8} = {8CD2B355-4761-4B73-9D47-7D7D9E1E143C}
		{5E9305A1-DD5C-4E32-92E0-CEF37E48A065} = {8CD2B355-4761-4B73-9D47-7D7D9E1E143C}
		{0780D132-029B-4068-8365-09CEB73334AE} = {8CD2B355-4761-4B73-9D47-7D7D9E1E143C}
		{173A546E-71DB-4F17-AEEC-4AE01750106A} = {8CD2B355-4761-4B73-9D47-7D7D9E1E143C}
		{AFFB15A1-6B72-4E68-B12C-8F61E12309F0} = {8CD2B355-4761-4B73-9D47-7D7D9E1E143C}
		{BBDD3702-78A4-4FCF-8A68-4C3ABC19D6C9} = {8CD2B355-4761-4B73-9D47-7D7D9E1E143C}
		{9A18894B-66C9-4843-AD98-DEC4C9F2456D} = {8CD2B355-4761-4B73-9D47-7D7D9E1E143C}
		{36EFC7F9-E77F-40F1-8C02-4B9F27169717} = {8CD2B355-4761-4B73-9D47-7D7D9E1E143C}
		{D3B2CD54-8904-4076-A85C-B52DA44A3209} = {E5D87BB5-7A61-49A1-ADDA-CC7CD5334B78}
		{47F70BF0-0801-49B0-BBDB-D94E23039A64} = {E5D87BB5-7A61-49A1-ADDA-CC7CD5334B78}
		{76EE243C-56C8-424F-987A-B9D7412F094A} = {E5D87BB5-7A61-49A1-ADDA-CC7CD5334B78}
		{872630A3-AEC9-4AB9-B728-FA769F4893A2} = {A82C6A23-DA14-4DC5-8CCD-12B49E8E3C51}
		{0CE684D2-A36F-4255-B332-F23991F0339F} = {A82C6A23-DA14-4DC5-8CCD-12B49E8E3C51}
		{8CED8BA1-60C4-4BCA-96EE-AADB2DC10631} = {A82C6A23-DA14-4DC5-8CCD-12B49E8E3C51}
		{5D7A5AFA-713D-46E6-9BCB-78DFEB8FBC43} = {A82C6A23-DA14-4DC5-8CCD-12B49E8E3C51}
		{76EE0863-0558-44D7-9995-92CBABF54957} = {A82C6A23-DA14-4DC5-8CCD-12B49E8E3C51}
		{FBAEF030-94A5-4856-B33B-6F1B30CB706A} = {A82C6A23-DA14-4DC5-8CCD-12B49E8E3C51}
		{6C6FC820-D15A-440D-9145-7628CD99F1D1} = {8425AAC1-0F5E-4DB6-ACED-5F3E622E987E}
		{17608B11-FC3F-405D-942E-82BFFE18776C} = {8425AAC1-0F5E-4DB6-ACED-5F3E622E987E}
		{59D30865-5DFB-4E54-95F3-4E15DBD03925} = {8425AAC1-0F5E-4DB6-ACED-5F3E622E987E}
		{0BB2D74B-5694-4BBA-BEDC-5C95CD743486} = {041094D6-3E5F-4E9F-94F9-D704A6A66F11}
		{9371754F-156C-4135-B9BA-FFBC44C4D0A6} = {041094D6-3E5F-4E9F-94F9-D704A6A66F11}
		{CF38345E-5488-4547-98A2-C5D70A002951} = {041094D6-3E5F-4E9F-94F9-D704A6A66F11}
		{1598858C-1B8D-49AC-9EF6-B678BE9D0F58} = {041094D6-3E5F-4E9F-94F9-D704A6A66F11}
		{410B72D9-F426-4819-8D2E-65817C26FF09} = {B1B7B221-0FF3-48F4-B6AF-CBB3654F2BC6}
		{7DAA0770-0390-4136-ACC2-B654A7E2BD14} = {B1B7B221-0FF3-48F4-B6AF-CBB3654F2BC6}
		{C460C175-7A26-4233-9B84-3127F28DDDD8} = {B1B7B221-0FF3-48F4-B6AF-CBB3654F2BC6}
		{707D7581-6FB7-49F3-A822-EA4DE56B8C8E} = {5684CC93-F3F8-44A3-8CB2-D71EC9029255}
		{55577362-B3EB-49FC-874F-31A5D23451ED} = {58E9FAEF-5AC4-461E-A9AC-A46F7C141FC9}
		{B93BCAC9-60FC-40FF-99D8-9047046B01F8} = {58E9FAEF-5AC4-461E-A9AC-A46F7C141FC9}
		{B71DD922-1E65-43CD-A2AE-86015732D559} = {58E9FAEF-5AC4-461E-A9AC-A46F7C141FC9}
		{F0FCA9DF-F0AE-44F8-A5BE-2FAD777AFEA2} = {58E9FAEF-5AC4-461E-A9AC-A46F7C141FC9}
		{11F9D9AD-C3D6-4E23-A84E-A38FCEE0FADE} = {58E9FAEF-5AC4-461E-A9AC-A46F7C141FC9}
		{3E30B832-EE94-4CDD-BE73-145AE549CA2E} = {58E9FAEF-5AC4-461E-A9AC-A46F7C141FC9}
	EndGlobalSection
	GlobalSection(ExtensibilityGlobals) = postSolution
		SolutionGuid = {81508BE7-1083-468F-9177-D073C159876A}
	EndGlobalSection
EndGlobal
