
Microsoft Visual Studio Solution File, Format Version 12.00
# Visual Studio 15
VisualStudioVersion = 15.0.28307.168
MinimumVisualStudioVersion = 10.0.40219.1
Project("{FAE04EC0-301F-11D3-BF4B-00C04F79EFBC}") = "19.1.2. type identity", "19.1.2. type identity\19.1.2. type identity.csproj", "{E158C4A6-242F-4A41-9550-C20558E040B8}"
EndProject
Project("{2150E333-8FDC-42A3-9474-1A3956D46DE8}") = "19.1.Type", "19.1.Type", "{4F3D5843-129C-4A1B-9E96-42BAC9B4E444}"
EndProject
Project("{FAE04EC0-301F-11D3-BF4B-00C04F79EFBC}") = "19.1.1. Reflection", "19.1.1. Reflection\19.1.1. Reflection.csproj", "{50B0BD3B-6315-4DF3-AA19-D3BA6A08CF68}"
EndProject
Project("{FAE04EC0-301F-11D3-BF4B-00C04F79EFBC}") = "19.1.9. Is object a type", "19.1.9. Is object a type\19.1.9. Is object a type.csproj", "{B6218DEA-61B1-432C-8888-B25B4190A7BF}"
EndProject
Project("{FAE04EC0-301F-11D3-BF4B-00C04F79EFBC}") = "19.1.10. Get BaseType, Name, FullName", "19.1.10. Get BaseType, Name, FullName\19.1.10. Get BaseType, Name, FullName.csproj", "{3012FED4-1771-4D7A-A34D-5FCBE26EC38B}"
EndProject
Project("{FAE04EC0-301F-11D3-BF4B-00C04F79EFBC}") = "19.1.11. Type FullName, BaseType, IsAbstract", "19.1.11. Type FullName, BaseType, IsAbstract\19.1.11. Type FullName, BaseType, IsAbstract.csproj", "{A51BAF8B-DB3F-4673-9758-C75BB8984776}"
EndProject
Project("{FAE04EC0-301F-11D3-BF4B-00C04F79EFBC}") = "19.1.12. Get the Type representation object", "19.1.12. Get the Type representation object\19.1.12. Get the Type representation object.csproj", "{DAD0DE4F-3698-4320-85F3-334888AE8288}"
EndProject
Project("{FAE04EC0-301F-11D3-BF4B-00C04F79EFBC}") = "19.1.13. Obtain the handles  object", "19.1.13. Obtain the handles  object\19.1.13. Obtain the handles  object.csproj", "{4A6D06FB-9DE6-447A-B373-B9A7AE857D33}"
EndProject
Project("{FAE04EC0-301F-11D3-BF4B-00C04F79EFBC}") = "19.1.14. Get all methods from a Type", "19.1.14. Get all methods from a Type\19.1.14. Get all methods from a Type.csproj", "{18EB164B-3758-40C1-AFCB-EAE2391867D7}"
EndProject
Project("{FAE04EC0-301F-11D3-BF4B-00C04F79EFBC}") = "19.1.15. Open and constructed generic types", "19.1.15. Open and constructed generic types\19.1.15. Open and constructed generic types.csproj", "{0E3F48E2-3347-47AE-A249-6D72BA878B1C}"
EndProject
Project("{FAE04EC0-301F-11D3-BF4B-00C04F79EFBC}") = "19.1.16. Getting generic type definition information", "19.1.16. Getting generic type definition information\19.1.16. Getting generic type definition information.csproj", "{FE8F1D01-1DE1-4546-84E4-AC49D99698BF}"
EndProject
Project("{FAE04EC0-301F-11D3-BF4B-00C04F79EFBC}") = "19.1.17. Dynamically constructing types", "19.1.17. Dynamically constructing types\19.1.17. Dynamically constructing types.csproj", "{E26EE9F1-AD28-462D-9D87-816D406F1053}"
EndProject
Project("{FAE04EC0-301F-11D3-BF4B-00C04F79EFBC}") = "19.1.18. Create StringBuilder", "19.1.18. Create StringBuilder\19.1.18. Create StringBuilder.csproj", "{39FDB846-F93B-419B-852A-2ED999E9B29B}"
EndProject
Project("{FAE04EC0-301F-11D3-BF4B-00C04F79EFBC}") = "19.1.19. Get Type with typeof", "19.1.19. Get Type with typeof\19.1.19. Get Type with typeof.csproj", "{B4FF80F5-E310-46ED-B4CB-2E35C7361556}"
EndProject
Project("{FAE04EC0-301F-11D3-BF4B-00C04F79EFBC}") = "DesignPatterns.Prototype.Conceptual", "DesignPatterns.Prototype.Conceptual\DesignPatterns.Prototype.Conceptual.csproj", "{143F8DD9-2A9E-4F89-9E64-164F52C5DD7F}"
EndProject
Project("{FAE04EC0-301F-11D3-BF4B-00C04F79EFBC}") = "Using indexers", "Using indexers\Using indexers.csproj", "{FB72D266-7C7D-438A-9ED1-AC0D5F524D30}"
EndProject
Project("{FAE04EC0-301F-11D3-BF4B-00C04F79EFBC}") = "19.1.20. Cast And OfType", "19.1.20. Cast And OfType\19.1.20. Cast And OfType.csproj", "{1DF271E6-FA0D-418B-8C59-2060B7E1A13E}"
EndProject
Project("{FAE04EC0-301F-11D3-BF4B-00C04F79EFBC}") = "19.1.21. Get set property using invoke member", "19.1.21. Get set property using invoke member\19.1.21. Get set property using invoke member.csproj", "{D83448B8-8B03-40F0-A572-B41DFCD02B7C}"
EndProject
Project("{FAE04EC0-301F-11D3-BF4B-00C04F79EFBC}") = "19.1.22. Retrieve a type", "19.1.22. Retrieve a type\19.1.22. Retrieve a type.csproj", "{8D5415AD-F332-4168-8A30-6107F2A8C315}"
EndProject
Project("{FAE04EC0-301F-11D3-BF4B-00C04F79EFBC}") = "19.1.23. Get an array of nested type objects", "19.1.23. Get an array of nested type objects\19.1.23. Get an array of nested type objects.csproj", "{D2E56B9B-BD0C-4196-AA3B-B3353E10A424}"
EndProject
Project("{FAE04EC0-301F-11D3-BF4B-00C04F79EFBC}") = "19.1.24.Get the type associated with the CLSID", "19.1.24.Get the type associated with the CLSID\19.1.24.Get the type associated with the CLSID.csproj", "{33DA1183-36A5-46D5-BFE7-4F0A91C19011}"
EndProject
Project("{2150E333-8FDC-42A3-9474-1A3956D46DE8}") = "19.2.Attributes", "19.2.Attributes", "{0EE993D2-FD42-4591-BAD5-DDBBB8E62F4A}"
EndProject
Project("{FAE04EC0-301F-11D3-BF4B-00C04F79EFBC}") = "19.2.1. Get Custom Attributes", "19.2.1. Get Custom Attributes\19.2.1. Get Custom Attributes.csproj", "{DEF423C5-1F38-40DA-B476-66792DD732E9}"
EndProject
Project("{FAE04EC0-301F-11D3-BF4B-00C04F79EFBC}") = "19.2.2. Using Reflection to get Custom Attributes", "19.2.2. Using Reflection to get Custom Attributes\19.2.2. Using Reflection to get Custom Attributes.csproj", "{9CCB15A5-04BA-49E2-BA9C-879B5119A4A9}"
EndProject
Project("{FAE04EC0-301F-11D3-BF4B-00C04F79EFBC}") = "19.2.3. Reflect Attribute", "19.2.3. Reflect Attribute\19.2.3. Reflect Attribute.csproj", "{8D899932-6FF2-4EB0-812F-1EB1841B8D7A}"
EndProject
Project("{FAE04EC0-301F-11D3-BF4B-00C04F79EFBC}") = "19.2.4. Get Assembly Description Attribute", "19.2.4. Get Assembly Description Attribute\19.2.4. Get Assembly Description Attribute.csproj", "{2928D80B-57E3-4583-8D9D-AB3CBE06F4D7}"
EndProject
Project("{2150E333-8FDC-42A3-9474-1A3956D46DE8}") = "19.3.Constructor", "19.3.Constructor", "{9E32746B-C6FE-4B52-84B9-6D034A2364B9}"
EndProject
Project("{FAE04EC0-301F-11D3-BF4B-00C04F79EFBC}") = "19.3.1. Get constructor information", "19.3.1. Get constructor information\19.3.1. Get constructor information.csproj", "{E041B9E4-02D4-4271-AC07-C3BC32B84E12}"
EndProject
Project("{FAE04EC0-301F-11D3-BF4B-00C04F79EFBC}") = "19.3.2. Find matching constructor", "19.3.2. Find matching constructor\19.3.2. Find matching constructor.csproj", "{3223B7E4-5FF5-492C-BD53-CD8496C73700}"
EndProject
Project("{FAE04EC0-301F-11D3-BF4B-00C04F79EFBC}") = "19.3.3. Dynamically invoking constructors", "19.3.3. Dynamically invoking constructors\19.3.3. Dynamically invoking constructors.csproj", "{4240C622-BC30-45F4-918B-4F01BFECEF19}"
EndProject
Project("{FAE04EC0-301F-11D3-BF4B-00C04F79EFBC}") = "19.3.4. invoke constructor", "19.3.4. invoke constructor\19.3.4. invoke constructor.csproj", "{9DE0BB4F-5871-4683-A39D-B48B436F0446}"
EndProject
Project("{FAE04EC0-301F-11D3-BF4B-00C04F79EFBC}") = "19.3.5. ConstructorInfo to create new instance", "19.3.5. ConstructorInfo to create new instance\19.3.5. ConstructorInfo to create new instance.csproj", "{3D1E691A-0B46-43EF-904A-E10DE4409E42}"
EndProject
Project("{FAE04EC0-301F-11D3-BF4B-00C04F79EFBC}") = "19.3.6. Call parent constructor from abstract class", "19.3.6. Call parent constructor from abstract class\19.3.6. Call parent constructor from abstract class.csproj", "{93D23F20-C3DE-4C99-9377-E9EAD9BCF615}"
EndProject
Project("{FAE04EC0-301F-11D3-BF4B-00C04F79EFBC}") = "19.3.7. Get the ConstructorInfoz", "19.3.7. Get the ConstructorInfoz\19.3.7. Get the ConstructorInfoz.csproj", "{A6E5CFBC-DF02-4EE1-8134-9753E8CEE5A6}"
EndProject
Project("{2150E333-8FDC-42A3-9474-1A3956D46DE8}") = "19.4.Field", "19.4.Field", "{404D94C3-6C0D-4795-836A-E1AC7F97B9FB}"
EndProject
Project("{FAE04EC0-301F-11D3-BF4B-00C04F79EFBC}") = "19.4.1. Get all fields from a Type", "19.4.1. Get all fields from a Type\19.4.1. Get all fields from a Type.csproj", "{CAE48072-B465-4313-B92B-CF873AF9EA73}"
EndProject
Project("{FAE04EC0-301F-11D3-BF4B-00C04F79EFBC}") = "19.4.2. List Fields", "19.4.2. List Fields\19.4.2. List Fields.csproj", "{6C880F30-AC8A-49FA-B4C9-BC3EAEAB0CFF}"
EndProject
Project("{FAE04EC0-301F-11D3-BF4B-00C04F79EFBC}") = "19.4.3. Deeper Reflection", "19.4.3. Deeper Reflection\19.4.3. Deeper Reflection.csproj", "{5407BA68-4891-45FB-A73E-CA06BD264AC5}"
EndProject
Project("{FAE04EC0-301F-11D3-BF4B-00C04F79EFBC}") = "19.4.4. Get Set a field using a FieldInfo", "19.4.4. Get Set a field using a FieldInfo\19.4.4. Get Set a field using a FieldInfo.csproj", "{4CA1AB11-7A9F-422C-A625-0FEDCF3006C7}"
EndProject
Project("{FAE04EC0-301F-11D3-BF4B-00C04F79EFBC}") = "19.4.5. Reflecting On Members Of A Type", "19.4.5. Reflecting On Members Of A Type\19.4.5. Reflecting On Members Of A Type.csproj", "{3462A647-6F15-43E4-B890-AEBA007443EB}"
EndProject
Project("{FAE04EC0-301F-11D3-BF4B-00C04F79EFBC}") = "19.4.6. Get Type full name", "19.4.6. Get Type full name\19.4.6. Get Type full name.csproj", "{7AC8A8AB-8539-4834-9012-E44320EDEDAF}"
EndProject
Project("{2150E333-8FDC-42A3-9474-1A3956D46DE8}") = "19.5.Method( 13 )", "19.5.Method( 13 )", "{8CD2B355-4761-4B73-9D47-7D7D9E1E143C}"
EndProject
Project("{FAE04EC0-301F-11D3-BF4B-00C04F79EFBC}") = "19.5.1. Deeper Reflection", "19.5.1. Deeper Reflection\19.5.1. Deeper Reflection.csproj", "{437BC0A9-2367-40B3-A452-1566E72687E3}"
EndProject
Project("{FAE04EC0-301F-11D3-BF4B-00C04F79EFBC}") = "19.5.2. Deeper Reflection Invoking Functions", "19.5.2. Deeper Reflection Invoking Functions\19.5.2. Deeper Reflection Invoking Functions.csproj", "{6558F280-DA32-4AE1-B301-49FF7A69A7B5}"
EndProject
Project("{FAE04EC0-301F-11D3-BF4B-00C04F79EFBC}") = "19.5.3. Invoke methods using reflection", "19.5.3. Invoke methods using reflection\19.5.3. Invoke methods using reflection.csproj", "{9FCAEBF2-8C4F-4458-A90E-73938408FA28}"
EndProject
Project("{FAE04EC0-301F-11D3-BF4B-00C04F79EFBC}") = "19.5.4. List Methods", "19.5.4. List Methods\19.5.4. List Methods.csproj", "{743E8424-44E2-4B6C-8061-C4A88DF3B66C}"
EndProject
Project("{FAE04EC0-301F-11D3-BF4B-00C04F79EFBC}") = "19.5.5. Obtain the metadata tokens", "19.5.5. Obtain the metadata tokens\19.5.5. Obtain the metadata tokens.csproj", "{49BA33DE-704A-496A-B0EE-415BA8BA1348}"
EndProject
Project("{FAE04EC0-301F-11D3-BF4B-00C04F79EFBC}") = "19.5.6. Inspecting a method's body", "19.5.6. Inspecting a method's body\19.5.6. Inspecting a method's body.csproj", "{AA1871AF-3B88-4AA3-BF2D-E00958F19AC8}"
EndProject
Project("{FAE04EC0-301F-11D3-BF4B-00C04F79EFBC}") = "19.5.7. Dynamically Invoking A Method", "19.5.7. Dynamically Invoking A Method\19.5.7. Dynamically Invoking A Method.csproj", "{5E9305A1-DD5C-4E32-92E0-CEF37E48A065}"
EndProject
Project("{FAE04EC0-301F-11D3-BF4B-00C04F79EFBC}") = "19.5.8. Finding Particular Members", "19.5.8. Finding Particular Members\19.5.8. Finding Particular Members.csproj", "{0780D132-029B-4068-8365-09CEB73334AE}"
EndProject
Project("{FAE04EC0-301F-11D3-BF4B-00C04F79EFBC}") = "19.5.9. Call string method with reflection and Expr", "19.5.9. Call string method with reflection and Expr\19.5.9. Call string method with reflection and Expr.csproj", "{173A546E-71DB-4F17-AEEC-4AE01750106A}"
EndProject
Project("{FAE04EC0-301F-11D3-BF4B-00C04F79EFBC}") = "19.5.10. Invoke member method", "19.5.10. Invoke member method\19.5.10. Invoke member method.csproj", "{AFFB15A1-6B72-4E68-B12C-8F61E12309F0}"
EndProject
Global
	GlobalSection(SolutionConfigurationPlatforms) = preSolution
		Debug|Any CPU = Debug|Any CPU
		Release|Any CPU = Release|Any CPU
	EndGlobalSection
	GlobalSection(ProjectConfigurationPlatforms) = postSolution
		{E158C4A6-242F-4A41-9550-C20558E040B8}.Debug|Any CPU.ActiveCfg = Debug|Any CPU
		{E158C4A6-242F-4A41-9550-C20558E040B8}.Debug|Any CPU.Build.0 = Debug|Any CPU
		{E158C4A6-242F-4A41-9550-C20558E040B8}.Release|Any CPU.ActiveCfg = Release|Any CPU
		{E158C4A6-242F-4A41-9550-C20558E040B8}.Release|Any CPU.Build.0 = Release|Any CPU
		{50B0BD3B-6315-4DF3-AA19-D3BA6A08CF68}.Debug|Any CPU.ActiveCfg = Debug|Any CPU
		{50B0BD3B-6315-4DF3-AA19-D3BA6A08CF68}.Debug|Any CPU.Build.0 = Debug|Any CPU
		{50B0BD3B-6315-4DF3-AA19-D3BA6A08CF68}.Release|Any CPU.ActiveCfg = Release|Any CPU
		{50B0BD3B-6315-4DF3-AA19-D3BA6A08CF68}.Release|Any CPU.Build.0 = Release|Any CPU
		{B6218DEA-61B1-432C-8888-B25B4190A7BF}.Debug|Any CPU.ActiveCfg = Debug|Any CPU
		{B6218DEA-61B1-432C-8888-B25B4190A7BF}.Debug|Any CPU.Build.0 = Debug|Any CPU
		{B6218DEA-61B1-432C-8888-B25B4190A7BF}.Release|Any CPU.ActiveCfg = Release|Any CPU
		{B6218DEA-61B1-432C-8888-B25B4190A7BF}.Release|Any CPU.Build.0 = Release|Any CPU
		{3012FED4-1771-4D7A-A34D-5FCBE26EC38B}.Debug|Any CPU.ActiveCfg = Debug|Any CPU
		{3012FED4-1771-4D7A-A34D-5FCBE26EC38B}.Debug|Any CPU.Build.0 = Debug|Any CPU
		{3012FED4-1771-4D7A-A34D-5FCBE26EC38B}.Release|Any CPU.ActiveCfg = Release|Any CPU
		{3012FED4-1771-4D7A-A34D-5FCBE26EC38B}.Release|Any CPU.Build.0 = Release|Any CPU
		{A51BAF8B-DB3F-4673-9758-C75BB8984776}.Debug|Any CPU.ActiveCfg = Debug|Any CPU
		{A51BAF8B-DB3F-4673-9758-C75BB8984776}.Debug|Any CPU.Build.0 = Debug|Any CPU
		{A51BAF8B-DB3F-4673-9758-C75BB8984776}.Release|Any CPU.ActiveCfg = Release|Any CPU
		{A51BAF8B-DB3F-4673-9758-C75BB8984776}.Release|Any CPU.Build.0 = Release|Any CPU
		{DAD0DE4F-3698-4320-85F3-334888AE8288}.Debug|Any CPU.ActiveCfg = Debug|Any CPU
		{DAD0DE4F-3698-4320-85F3-334888AE8288}.Debug|Any CPU.Build.0 = Debug|Any CPU
		{DAD0DE4F-3698-4320-85F3-334888AE8288}.Release|Any CPU.ActiveCfg = Release|Any CPU
		{DAD0DE4F-3698-4320-85F3-334888AE8288}.Release|Any CPU.Build.0 = Release|Any CPU
		{4A6D06FB-9DE6-447A-B373-B9A7AE857D33}.Debug|Any CPU.ActiveCfg = Debug|Any CPU
		{4A6D06FB-9DE6-447A-B373-B9A7AE857D33}.Debug|Any CPU.Build.0 = Debug|Any CPU
		{4A6D06FB-9DE6-447A-B373-B9A7AE857D33}.Release|Any CPU.ActiveCfg = Release|Any CPU
		{4A6D06FB-9DE6-447A-B373-B9A7AE857D33}.Release|Any CPU.Build.0 = Release|Any CPU
		{18EB164B-3758-40C1-AFCB-EAE2391867D7}.Debug|Any CPU.ActiveCfg = Debug|Any CPU
		{18EB164B-3758-40C1-AFCB-EAE2391867D7}.Debug|Any CPU.Build.0 = Debug|Any CPU
		{18EB164B-3758-40C1-AFCB-EAE2391867D7}.Release|Any CPU.ActiveCfg = Release|Any CPU
		{18EB164B-3758-40C1-AFCB-EAE2391867D7}.Release|Any CPU.Build.0 = Release|Any CPU
		{0E3F48E2-3347-47AE-A249-6D72BA878B1C}.Debug|Any CPU.ActiveCfg = Debug|Any CPU
		{0E3F48E2-3347-47AE-A249-6D72BA878B1C}.Debug|Any CPU.Build.0 = Debug|Any CPU
		{0E3F48E2-3347-47AE-A249-6D72BA878B1C}.Release|Any CPU.ActiveCfg = Release|Any CPU
		{0E3F48E2-3347-47AE-A249-6D72BA878B1C}.Release|Any CPU.Build.0 = Release|Any CPU
		{FE8F1D01-1DE1-4546-84E4-AC49D99698BF}.Debug|Any CPU.ActiveCfg = Debug|Any CPU
		{FE8F1D01-1DE1-4546-84E4-AC49D99698BF}.Debug|Any CPU.Build.0 = Debug|Any CPU
		{FE8F1D01-1DE1-4546-84E4-AC49D99698BF}.Release|Any CPU.ActiveCfg = Release|Any CPU
		{FE8F1D01-1DE1-4546-84E4-AC49D99698BF}.Release|Any CPU.Build.0 = Release|Any CPU
		{E26EE9F1-AD28-462D-9D87-816D406F1053}.Debug|Any CPU.ActiveCfg = Debug|Any CPU
		{E26EE9F1-AD28-462D-9D87-816D406F1053}.Debug|Any CPU.Build.0 = Debug|Any CPU
		{E26EE9F1-AD28-462D-9D87-816D406F1053}.Release|Any CPU.ActiveCfg = Release|Any CPU
		{E26EE9F1-AD28-462D-9D87-816D406F1053}.Release|Any CPU.Build.0 = Release|Any CPU
		{39FDB846-F93B-419B-852A-2ED999E9B29B}.Debug|Any CPU.ActiveCfg = Debug|Any CPU
		{39FDB846-F93B-419B-852A-2ED999E9B29B}.Debug|Any CPU.Build.0 = Debug|Any CPU
		{39FDB846-F93B-419B-852A-2ED999E9B29B}.Release|Any CPU.ActiveCfg = Release|Any CPU
		{39FDB846-F93B-419B-852A-2ED999E9B29B}.Release|Any CPU.Build.0 = Release|Any CPU
		{B4FF80F5-E310-46ED-B4CB-2E35C7361556}.Debug|Any CPU.ActiveCfg = Debug|Any CPU
		{B4FF80F5-E310-46ED-B4CB-2E35C7361556}.Debug|Any CPU.Build.0 = Debug|Any CPU
		{B4FF80F5-E310-46ED-B4CB-2E35C7361556}.Release|Any CPU.ActiveCfg = Release|Any CPU
		{B4FF80F5-E310-46ED-B4CB-2E35C7361556}.Release|Any CPU.Build.0 = Release|Any CPU
		{143F8DD9-2A9E-4F89-9E64-164F52C5DD7F}.Debug|Any CPU.ActiveCfg = Debug|Any CPU
		{143F8DD9-2A9E-4F89-9E64-164F52C5DD7F}.Debug|Any CPU.Build.0 = Debug|Any CPU
		{143F8DD9-2A9E-4F89-9E64-164F52C5DD7F}.Release|Any CPU.ActiveCfg = Release|Any CPU
		{143F8DD9-2A9E-4F89-9E64-164F52C5DD7F}.Release|Any CPU.Build.0 = Release|Any CPU
		{FB72D266-7C7D-438A-9ED1-AC0D5F524D30}.Debug|Any CPU.ActiveCfg = Debug|Any CPU
		{FB72D266-7C7D-438A-9ED1-AC0D5F524D30}.Debug|Any CPU.Build.0 = Debug|Any CPU
		{FB72D266-7C7D-438A-9ED1-AC0D5F524D30}.Release|Any CPU.ActiveCfg = Release|Any CPU
		{FB72D266-7C7D-438A-9ED1-AC0D5F524D30}.Release|Any CPU.Build.0 = Release|Any CPU
		{1DF271E6-FA0D-418B-8C59-2060B7E1A13E}.Debug|Any CPU.ActiveCfg = Debug|Any CPU
		{1DF271E6-FA0D-418B-8C59-2060B7E1A13E}.Debug|Any CPU.Build.0 = Debug|Any CPU
		{1DF271E6-FA0D-418B-8C59-2060B7E1A13E}.Release|Any CPU.ActiveCfg = Release|Any CPU
		{1DF271E6-FA0D-418B-8C59-2060B7E1A13E}.Release|Any CPU.Build.0 = Release|Any CPU
		{D83448B8-8B03-40F0-A572-B41DFCD02B7C}.Debug|Any CPU.ActiveCfg = Debug|Any CPU
		{D83448B8-8B03-40F0-A572-B41DFCD02B7C}.Debug|Any CPU.Build.0 = Debug|Any CPU
		{D83448B8-8B03-40F0-A572-B41DFCD02B7C}.Release|Any CPU.ActiveCfg = Release|Any CPU
		{D83448B8-8B03-40F0-A572-B41DFCD02B7C}.Release|Any CPU.Build.0 = Release|Any CPU
		{8D5415AD-F332-4168-8A30-6107F2A8C315}.Debug|Any CPU.ActiveCfg = Debug|Any CPU
		{8D5415AD-F332-4168-8A30-6107F2A8C315}.Debug|Any CPU.Build.0 = Debug|Any CPU
		{8D5415AD-F332-4168-8A30-6107F2A8C315}.Release|Any CPU.ActiveCfg = Release|Any CPU
		{8D5415AD-F332-4168-8A30-6107F2A8C315}.Release|Any CPU.Build.0 = Release|Any CPU
		{D2E56B9B-BD0C-4196-AA3B-B3353E10A424}.Debug|Any CPU.ActiveCfg = Debug|Any CPU
		{D2E56B9B-BD0C-4196-AA3B-B3353E10A424}.Debug|Any CPU.Build.0 = Debug|Any CPU
		{D2E56B9B-BD0C-4196-AA3B-B3353E10A424}.Release|Any CPU.ActiveCfg = Release|Any CPU
		{D2E56B9B-BD0C-4196-AA3B-B3353E10A424}.Release|Any CPU.Build.0 = Release|Any CPU
		{33DA1183-36A5-46D5-BFE7-4F0A91C19011}.Debug|Any CPU.ActiveCfg = Debug|Any CPU
		{33DA1183-36A5-46D5-BFE7-4F0A91C19011}.Debug|Any CPU.Build.0 = Debug|Any CPU
		{33DA1183-36A5-46D5-BFE7-4F0A91C19011}.Release|Any CPU.ActiveCfg = Release|Any CPU
		{33DA1183-36A5-46D5-BFE7-4F0A91C19011}.Release|Any CPU.Build.0 = Release|Any CPU
		{DEF423C5-1F38-40DA-B476-66792DD732E9}.Debug|Any CPU.ActiveCfg = Debug|Any CPU
		{DEF423C5-1F38-40DA-B476-66792DD732E9}.Debug|Any CPU.Build.0 = Debug|Any CPU
		{DEF423C5-1F38-40DA-B476-66792DD732E9}.Release|Any CPU.ActiveCfg = Release|Any CPU
		{DEF423C5-1F38-40DA-B476-66792DD732E9}.Release|Any CPU.Build.0 = Release|Any CPU
		{9CCB15A5-04BA-49E2-BA9C-879B5119A4A9}.Debug|Any CPU.ActiveCfg = Debug|Any CPU
		{9CCB15A5-04BA-49E2-BA9C-879B5119A4A9}.Debug|Any CPU.Build.0 = Debug|Any CPU
		{9CCB15A5-04BA-49E2-BA9C-879B5119A4A9}.Release|Any CPU.ActiveCfg = Release|Any CPU
		{9CCB15A5-04BA-49E2-BA9C-879B5119A4A9}.Release|Any CPU.Build.0 = Release|Any CPU
		{8D899932-6FF2-4EB0-812F-1EB1841B8D7A}.Debug|Any CPU.ActiveCfg = Debug|Any CPU
		{8D899932-6FF2-4EB0-812F-1EB1841B8D7A}.Debug|Any CPU.Build.0 = Debug|Any CPU
		{8D899932-6FF2-4EB0-812F-1EB1841B8D7A}.Release|Any CPU.ActiveCfg = Release|Any CPU
		{8D899932-6FF2-4EB0-812F-1EB1841B8D7A}.Release|Any CPU.Build.0 = Release|Any CPU
		{2928D80B-57E3-4583-8D9D-AB3CBE06F4D7}.Debug|Any CPU.ActiveCfg = Debug|Any CPU
		{2928D80B-57E3-4583-8D9D-AB3CBE06F4D7}.Debug|Any CPU.Build.0 = Debug|Any CPU
		{2928D80B-57E3-4583-8D9D-AB3CBE06F4D7}.Release|Any CPU.ActiveCfg = Release|Any CPU
		{2928D80B-57E3-4583-8D9D-AB3CBE06F4D7}.Release|Any CPU.Build.0 = Release|Any CPU
		{E041B9E4-02D4-4271-AC07-C3BC32B84E12}.Debug|Any CPU.ActiveCfg = Debug|Any CPU
		{E041B9E4-02D4-4271-AC07-C3BC32B84E12}.Debug|Any CPU.Build.0 = Debug|Any CPU
		{E041B9E4-02D4-4271-AC07-C3BC32B84E12}.Release|Any CPU.ActiveCfg = Release|Any CPU
		{E041B9E4-02D4-4271-AC07-C3BC32B84E12}.Release|Any CPU.Build.0 = Release|Any CPU
		{3223B7E4-5FF5-492C-BD53-CD8496C73700}.Debug|Any CPU.ActiveCfg = Debug|Any CPU
		{3223B7E4-5FF5-492C-BD53-CD8496C73700}.Debug|Any CPU.Build.0 = Debug|Any CPU
		{3223B7E4-5FF5-492C-BD53-CD8496C73700}.Release|Any CPU.ActiveCfg = Release|Any CPU
		{3223B7E4-5FF5-492C-BD53-CD8496C73700}.Release|Any CPU.Build.0 = Release|Any CPU
		{4240C622-BC30-45F4-918B-4F01BFECEF19}.Debug|Any CPU.ActiveCfg = Debug|Any CPU
		{4240C622-BC30-45F4-918B-4F01BFECEF19}.Debug|Any CPU.Build.0 = Debug|Any CPU
		{4240C622-BC30-45F4-918B-4F01BFECEF19}.Release|Any CPU.ActiveCfg = Release|Any CPU
		{4240C622-BC30-45F4-918B-4F01BFECEF19}.Release|Any CPU.Build.0 = Release|Any CPU
		{9DE0BB4F-5871-4683-A39D-B48B436F0446}.Debug|Any CPU.ActiveCfg = Debug|Any CPU
		{9DE0BB4F-5871-4683-A39D-B48B436F0446}.Debug|Any CPU.Build.0 = Debug|Any CPU
		{9DE0BB4F-5871-4683-A39D-B48B436F0446}.Release|Any CPU.ActiveCfg = Release|Any CPU
		{9DE0BB4F-5871-4683-A39D-B48B436F0446}.Release|Any CPU.Build.0 = Release|Any CPU
		{3D1E691A-0B46-43EF-904A-E10DE4409E42}.Debug|Any CPU.ActiveCfg = Debug|Any CPU
		{3D1E691A-0B46-43EF-904A-E10DE4409E42}.Debug|Any CPU.Build.0 = Debug|Any CPU
		{3D1E691A-0B46-43EF-904A-E10DE4409E42}.Release|Any CPU.ActiveCfg = Release|Any CPU
		{3D1E691A-0B46-43EF-904A-E10DE4409E42}.Release|Any CPU.Build.0 = Release|Any CPU
		{93D23F20-C3DE-4C99-9377-E9EAD9BCF615}.Debug|Any CPU.ActiveCfg = Debug|Any CPU
		{93D23F20-C3DE-4C99-9377-E9EAD9BCF615}.Debug|Any CPU.Build.0 = Debug|Any CPU
		{93D23F20-C3DE-4C99-9377-E9EAD9BCF615}.Release|Any CPU.ActiveCfg = Release|Any CPU
		{93D23F20-C3DE-4C99-9377-E9EAD9BCF615}.Release|Any CPU.Build.0 = Release|Any CPU
		{A6E5CFBC-DF02-4EE1-8134-9753E8CEE5A6}.Debug|Any CPU.ActiveCfg = Debug|Any CPU
		{A6E5CFBC-DF02-4EE1-8134-9753E8CEE5A6}.Debug|Any CPU.Build.0 = Debug|Any CPU
		{A6E5CFBC-DF02-4EE1-8134-9753E8CEE5A6}.Release|Any CPU.ActiveCfg = Release|Any CPU
		{A6E5CFBC-DF02-4EE1-8134-9753E8CEE5A6}.Release|Any CPU.Build.0 = Release|Any CPU
		{CAE48072-B465-4313-B92B-CF873AF9EA73}.Debug|Any CPU.ActiveCfg = Debug|Any CPU
		{CAE48072-B465-4313-B92B-CF873AF9EA73}.Debug|Any CPU.Build.0 = Debug|Any CPU
		{CAE48072-B465-4313-B92B-CF873AF9EA73}.Release|Any CPU.ActiveCfg = Release|Any CPU
		{CAE48072-B465-4313-B92B-CF873AF9EA73}.Release|Any CPU.Build.0 = Release|Any CPU
		{6C880F30-AC8A-49FA-B4C9-BC3EAEAB0CFF}.Debug|Any CPU.ActiveCfg = Debug|Any CPU
		{6C880F30-AC8A-49FA-B4C9-BC3EAEAB0CFF}.Debug|Any CPU.Build.0 = Debug|Any CPU
		{6C880F30-AC8A-49FA-B4C9-BC3EAEAB0CFF}.Release|Any CPU.ActiveCfg = Release|Any CPU
		{6C880F30-AC8A-49FA-B4C9-BC3EAEAB0CFF}.Release|Any CPU.Build.0 = Release|Any CPU
		{5407BA68-4891-45FB-A73E-CA06BD264AC5}.Debug|Any CPU.ActiveCfg = Debug|Any CPU
		{5407BA68-4891-45FB-A73E-CA06BD264AC5}.Debug|Any CPU.Build.0 = Debug|Any CPU
		{5407BA68-4891-45FB-A73E-CA06BD264AC5}.Release|Any CPU.ActiveCfg = Release|Any CPU
		{5407BA68-4891-45FB-A73E-CA06BD264AC5}.Release|Any CPU.Build.0 = Release|Any CPU
		{4CA1AB11-7A9F-422C-A625-0FEDCF3006C7}.Debug|Any CPU.ActiveCfg = Debug|Any CPU
		{4CA1AB11-7A9F-422C-A625-0FEDCF3006C7}.Debug|Any CPU.Build.0 = Debug|Any CPU
		{4CA1AB11-7A9F-422C-A625-0FEDCF3006C7}.Release|Any CPU.ActiveCfg = Release|Any CPU
		{4CA1AB11-7A9F-422C-A625-0FEDCF3006C7}.Release|Any CPU.Build.0 = Release|Any CPU
		{3462A647-6F15-43E4-B890-AEBA007443EB}.Debug|Any CPU.ActiveCfg = Debug|Any CPU
		{3462A647-6F15-43E4-B890-AEBA007443EB}.Debug|Any CPU.Build.0 = Debug|Any CPU
		{3462A647-6F15-43E4-B890-AEBA007443EB}.Release|Any CPU.ActiveCfg = Release|Any CPU
		{3462A647-6F15-43E4-B890-AEBA007443EB}.Release|Any CPU.Build.0 = Release|Any CPU
		{7AC8A8AB-8539-4834-9012-E44320EDEDAF}.Debug|Any CPU.ActiveCfg = Debug|Any CPU
		{7AC8A8AB-8539-4834-9012-E44320EDEDAF}.Debug|Any CPU.Build.0 = Debug|Any CPU
		{7AC8A8AB-8539-4834-9012-E44320EDEDAF}.Release|Any CPU.ActiveCfg = Release|Any CPU
		{7AC8A8AB-8539-4834-9012-E44320EDEDAF}.Release|Any CPU.Build.0 = Release|Any CPU
		{437BC0A9-2367-40B3-A452-1566E72687E3}.Debug|Any CPU.ActiveCfg = Debug|Any CPU
		{437BC0A9-2367-40B3-A452-1566E72687E3}.Debug|Any CPU.Build.0 = Debug|Any CPU
		{437BC0A9-2367-40B3-A452-1566E72687E3}.Release|Any CPU.ActiveCfg = Release|Any CPU
		{437BC0A9-2367-40B3-A452-1566E72687E3}.Release|Any CPU.Build.0 = Release|Any CPU
		{6558F280-DA32-4AE1-B301-49FF7A69A7B5}.Debug|Any CPU.ActiveCfg = Debug|Any CPU
		{6558F280-DA32-4AE1-B301-49FF7A69A7B5}.Debug|Any CPU.Build.0 = Debug|Any CPU
		{6558F280-DA32-4AE1-B301-49FF7A69A7B5}.Release|Any CPU.ActiveCfg = Release|Any CPU
		{6558F280-DA32-4AE1-B301-49FF7A69A7B5}.Release|Any CPU.Build.0 = Release|Any CPU
		{9FCAEBF2-8C4F-4458-A90E-73938408FA28}.Debug|Any CPU.ActiveCfg = Debug|Any CPU
		{9FCAEBF2-8C4F-4458-A90E-73938408FA28}.Debug|Any CPU.Build.0 = Debug|Any CPU
		{9FCAEBF2-8C4F-4458-A90E-73938408FA28}.Release|Any CPU.ActiveCfg = Release|Any CPU
		{9FCAEBF2-8C4F-4458-A90E-73938408FA28}.Release|Any CPU.Build.0 = Release|Any CPU
		{743E8424-44E2-4B6C-8061-C4A88DF3B66C}.Debug|Any CPU.ActiveCfg = Debug|Any CPU
		{743E8424-44E2-4B6C-8061-C4A88DF3B66C}.Debug|Any CPU.Build.0 = Debug|Any CPU
		{743E8424-44E2-4B6C-8061-C4A88DF3B66C}.Release|Any CPU.ActiveCfg = Release|Any CPU
		{743E8424-44E2-4B6C-8061-C4A88DF3B66C}.Release|Any CPU.Build.0 = Release|Any CPU
		{49BA33DE-704A-496A-B0EE-415BA8BA1348}.Debug|Any CPU.ActiveCfg = Debug|Any CPU
		{49BA33DE-704A-496A-B0EE-415BA8BA1348}.Debug|Any CPU.Build.0 = Debug|Any CPU
		{49BA33DE-704A-496A-B0EE-415BA8BA1348}.Release|Any CPU.ActiveCfg = Release|Any CPU
		{49BA33DE-704A-496A-B0EE-415BA8BA1348}.Release|Any CPU.Build.0 = Release|Any CPU
		{AA1871AF-3B88-4AA3-BF2D-E00958F19AC8}.Debug|Any CPU.ActiveCfg = Debug|Any CPU
		{AA1871AF-3B88-4AA3-BF2D-E00958F19AC8}.Debug|Any CPU.Build.0 = Debug|Any CPU
		{AA1871AF-3B88-4AA3-BF2D-E00958F19AC8}.Release|Any CPU.ActiveCfg = Release|Any CPU
		{AA1871AF-3B88-4AA3-BF2D-E00958F19AC8}.Release|Any CPU.Build.0 = Release|Any CPU
		{5E9305A1-DD5C-4E32-92E0-CEF37E48A065}.Debug|Any CPU.ActiveCfg = Debug|Any CPU
		{5E9305A1-DD5C-4E32-92E0-CEF37E48A065}.Debug|Any CPU.Build.0 = Debug|Any CPU
		{5E9305A1-DD5C-4E32-92E0-CEF37E48A065}.Release|Any CPU.ActiveCfg = Release|Any CPU
		{5E9305A1-DD5C-4E32-92E0-CEF37E48A065}.Release|Any CPU.Build.0 = Release|Any CPU
		{0780D132-029B-4068-8365-09CEB73334AE}.Debug|Any CPU.ActiveCfg = Debug|Any CPU
		{0780D132-029B-4068-8365-09CEB73334AE}.Debug|Any CPU.Build.0 = Debug|Any CPU
		{0780D132-029B-4068-8365-09CEB73334AE}.Release|Any CPU.ActiveCfg = Release|Any CPU
		{0780D132-029B-4068-8365-09CEB73334AE}.Release|Any CPU.Build.0 = Release|Any CPU
		{173A546E-71DB-4F17-AEEC-4AE01750106A}.Debug|Any CPU.ActiveCfg = Debug|Any CPU
		{173A546E-71DB-4F17-AEEC-4AE01750106A}.Debug|Any CPU.Build.0 = Debug|Any CPU
		{173A546E-71DB-4F17-AEEC-4AE01750106A}.Release|Any CPU.ActiveCfg = Release|Any CPU
		{173A546E-71DB-4F17-AEEC-4AE01750106A}.Release|Any CPU.Build.0 = Release|Any CPU
		{AFFB15A1-6B72-4E68-B12C-8F61E12309F0}.Debug|Any CPU.ActiveCfg = Debug|Any CPU
		{AFFB15A1-6B72-4E68-B12C-8F61E12309F0}.Debug|Any CPU.Build.0 = Debug|Any CPU
		{AFFB15A1-6B72-4E68-B12C-8F61E12309F0}.Release|Any CPU.ActiveCfg = Release|Any CPU
		{AFFB15A1-6B72-4E68-B12C-8F61E12309F0}.Release|Any CPU.Build.0 = Release|Any CPU
	EndGlobalSection
	GlobalSection(SolutionProperties) = preSolution
		HideSolutionNode = FALSE
	EndGlobalSection
	GlobalSection(NestedProjects) = preSolution
		{E158C4A6-242F-4A41-9550-C20558E040B8} = {4F3D5843-129C-4A1B-9E96-42BAC9B4E444}
		{50B0BD3B-6315-4DF3-AA19-D3BA6A08CF68} = {4F3D5843-129C-4A1B-9E96-42BAC9B4E444}
		{B6218DEA-61B1-432C-8888-B25B4190A7BF} = {4F3D5843-129C-4A1B-9E96-42BAC9B4E444}
		{3012FED4-1771-4D7A-A34D-5FCBE26EC38B} = {4F3D5843-129C-4A1B-9E96-42BAC9B4E444}
		{A51BAF8B-DB3F-4673-9758-C75BB8984776} = {4F3D5843-129C-4A1B-9E96-42BAC9B4E444}
		{DAD0DE4F-3698-4320-85F3-334888AE8288} = {4F3D5843-129C-4A1B-9E96-42BAC9B4E444}
		{4A6D06FB-9DE6-447A-B373-B9A7AE857D33} = {4F3D5843-129C-4A1B-9E96-42BAC9B4E444}
		{18EB164B-3758-40C1-AFCB-EAE2391867D7} = {4F3D5843-129C-4A1B-9E96-42BAC9B4E444}
		{0E3F48E2-3347-47AE-A249-6D72BA878B1C} = {4F3D5843-129C-4A1B-9E96-42BAC9B4E444}
		{FE8F1D01-1DE1-4546-84E4-AC49D99698BF} = {4F3D5843-129C-4A1B-9E96-42BAC9B4E444}
		{E26EE9F1-AD28-462D-9D87-816D406F1053} = {4F3D5843-129C-4A1B-9E96-42BAC9B4E444}
		{39FDB846-F93B-419B-852A-2ED999E9B29B} = {4F3D5843-129C-4A1B-9E96-42BAC9B4E444}
		{B4FF80F5-E310-46ED-B4CB-2E35C7361556} = {4F3D5843-129C-4A1B-9E96-42BAC9B4E444}
		{1DF271E6-FA0D-418B-8C59-2060B7E1A13E} = {4F3D5843-129C-4A1B-9E96-42BAC9B4E444}
		{D83448B8-8B03-40F0-A572-B41DFCD02B7C} = {4F3D5843-129C-4A1B-9E96-42BAC9B4E444}
		{8D5415AD-F332-4168-8A30-6107F2A8C315} = {4F3D5843-129C-4A1B-9E96-42BAC9B4E444}
		{D2E56B9B-BD0C-4196-AA3B-B3353E10A424} = {4F3D5843-129C-4A1B-9E96-42BAC9B4E444}
		{33DA1183-36A5-46D5-BFE7-4F0A91C19011} = {4F3D5843-129C-4A1B-9E96-42BAC9B4E444}
		{DEF423C5-1F38-40DA-B476-66792DD732E9} = {0EE993D2-FD42-4591-BAD5-DDBBB8E62F4A}
		{9CCB15A5-04BA-49E2-BA9C-879B5119A4A9} = {0EE993D2-FD42-4591-BAD5-DDBBB8E62F4A}
		{8D899932-6FF2-4EB0-812F-1EB1841B8D7A} = {0EE993D2-FD42-4591-BAD5-DDBBB8E62F4A}
		{2928D80B-57E3-4583-8D9D-AB3CBE06F4D7} = {0EE993D2-FD42-4591-BAD5-DDBBB8E62F4A}
		{E041B9E4-02D4-4271-AC07-C3BC32B84E12} = {9E32746B-C6FE-4B52-84B9-6D034A2364B9}
		{3223B7E4-5FF5-492C-BD53-CD8496C73700} = {9E32746B-C6FE-4B52-84B9-6D034A2364B9}
		{4240C622-BC30-45F4-918B-4F01BFECEF19} = {9E32746B-C6FE-4B52-84B9-6D034A2364B9}
		{9DE0BB4F-5871-4683-A39D-B48B436F0446} = {9E32746B-C6FE-4B52-84B9-6D034A2364B9}
		{3D1E691A-0B46-43EF-904A-E10DE4409E42} = {9E32746B-C6FE-4B52-84B9-6D034A2364B9}
		{93D23F20-C3DE-4C99-9377-E9EAD9BCF615} = {9E32746B-C6FE-4B52-84B9-6D034A2364B9}
		{A6E5CFBC-DF02-4EE1-8134-9753E8CEE5A6} = {9E32746B-C6FE-4B52-84B9-6D034A2364B9}
		{CAE48072-B465-4313-B92B-CF873AF9EA73} = {404D94C3-6C0D-4795-836A-E1AC7F97B9FB}
		{6C880F30-AC8A-49FA-B4C9-BC3EAEAB0CFF} = {404D94C3-6C0D-4795-836A-E1AC7F97B9FB}
		{5407BA68-4891-45FB-A73E-CA06BD264AC5} = {404D94C3-6C0D-4795-836A-E1AC7F97B9FB}
		{4CA1AB11-7A9F-422C-A625-0FEDCF3006C7} = {404D94C3-6C0D-4795-836A-E1AC7F97B9FB}
		{3462A647-6F15-43E4-B890-AEBA007443EB} = {404D94C3-6C0D-4795-836A-E1AC7F97B9FB}
		{7AC8A8AB-8539-4834-9012-E44320EDEDAF} = {404D94C3-6C0D-4795-836A-E1AC7F97B9FB}
		{437BC0A9-2367-40B3-A452-1566E72687E3} = {8CD2B355-4761-4B73-9D47-7D7D9E1E143C}
		{6558F280-DA32-4AE1-B301-49FF7A69A7B5} = {8CD2B355-4761-4B73-9D47-7D7D9E1E143C}
		{9FCAEBF2-8C4F-4458-A90E-73938408FA28} = {8CD2B355-4761-4B73-9D47-7D7D9E1E143C}
		{743E8424-44E2-4B6C-8061-C4A88DF3B66C} = {8CD2B355-4761-4B73-9D47-7D7D9E1E143C}
		{49BA33DE-704A-496A-B0EE-415BA8BA1348} = {8CD2B355-4761-4B73-9D47-7D7D9E1E143C}
		{AA1871AF-3B88-4AA3-BF2D-E00958F19AC8} = {8CD2B355-4761-4B73-9D47-7D7D9E1E143C}
		{5E9305A1-DD5C-4E32-92E0-CEF37E48A065} = {8CD2B355-4761-4B73-9D47-7D7D9E1E143C}
		{0780D132-029B-4068-8365-09CEB73334AE} = {8CD2B355-4761-4B73-9D47-7D7D9E1E143C}
		{173A546E-71DB-4F17-AEEC-4AE01750106A} = {8CD2B355-4761-4B73-9D47-7D7D9E1E143C}
		{AFFB15A1-6B72-4E68-B12C-8F61E12309F0} = {8CD2B355-4761-4B73-9D47-7D7D9E1E143C}
	EndGlobalSection
	GlobalSection(ExtensibilityGlobals) = postSolution
		SolutionGuid = {81508BE7-1083-468F-9177-D073C159876A}
	EndGlobalSection
EndGlobal
